// !$*UTF8*$!
{
	archiveVersion = 1;
	classes = {
	};
	objectVersion = 46;
	objects = {

/* Begin PBXAggregateTarget section */
		1FFD98B81CD9EC0C00398CA6 /* wolfc-test */ = {
			isa = PBXAggregateTarget;
			buildConfigurationList = 1FFD98B91CD9EC0C00398CA6 /* Build configuration list for PBXAggregateTarget "wolfc-test" */;
			buildPhases = (
				1FFD98BE1CD9EC2C00398CA6 /* ShellScript */,
			);
			dependencies = (
				1FFD98BD1CD9EC1800398CA6 /* PBXTargetDependency */,
			);
			name = "wolfc-test";
			productName = "wolfc-test";
		};
/* End PBXAggregateTarget section */

/* Begin PBXBuildFile section */
		1F03CC431CDEC42E00F6E440 /* WCLexer.cpp in Sources */ = {isa = PBXBuildFile; fileRef = 1F03CC411CDEC42E00F6E440 /* WCLexer.cpp */; };
		1F231DB51CE1B4A00085E1C6 /* WCBinaryExpr.cpp in Sources */ = {isa = PBXBuildFile; fileRef = 1F231DB31CE1B4A00085E1C6 /* WCBinaryExpr.cpp */; };
		1F231DB81CE1C0AF0085E1C6 /* WCUnaryExpr.cpp in Sources */ = {isa = PBXBuildFile; fileRef = 1F231DB61CE1C0AF0085E1C6 /* WCUnaryExpr.cpp */; };
		1F231DBA1CE1D3220085E1C6 /* WCASTNode.cpp in Sources */ = {isa = PBXBuildFile; fileRef = 1F231DB91CE1D3220085E1C6 /* WCASTNode.cpp */; };
		1F59D4DD1CE45BE200B095AC /* WCPrintExpr.cpp in Sources */ = {isa = PBXBuildFile; fileRef = 1F59D4DB1CE45BE200B095AC /* WCPrintExpr.cpp */; };
		1F59D4DF1CE45F1100B095AC /* WCCharUtils.cpp in Sources */ = {isa = PBXBuildFile; fileRef = 1F59D4DE1CE45F1100B095AC /* WCCharUtils.cpp */; };
		1F59D4E21CE4698000B095AC /* WCStrLit.cpp in Sources */ = {isa = PBXBuildFile; fileRef = 1F59D4E01CE4698000B095AC /* WCStrLit.cpp */; };
		1F7F6BB71CE6A10C002E9FA4 /* WCExprs.cpp in Sources */ = {isa = PBXBuildFile; fileRef = 1F7F6BB51CE6A10C002E9FA4 /* WCExprs.cpp */; };
		1F7F6BBA1CE6A401002E9FA4 /* WCExpr.cpp in Sources */ = {isa = PBXBuildFile; fileRef = 1F7F6BB81CE6A401002E9FA4 /* WCExpr.cpp */; };
		1F8BEB2F1CE59BA800A78DDE /* WCScope.cpp in Sources */ = {isa = PBXBuildFile; fileRef = 1F8BEB2D1CE59BA800A78DDE /* WCScope.cpp */; };
		1F8BEB331CE5A02700A78DDE /* WCLogger.cpp in Sources */ = {isa = PBXBuildFile; fileRef = 1F8BEB311CE5A02700A78DDE /* WCLogger.cpp */; };
		1FD4558E1CE2DC90005EB3C3 /* WCIntLit.cpp in Sources */ = {isa = PBXBuildFile; fileRef = 1FD4558C1CE2DC90005EB3C3 /* WCIntLit.cpp */; };
		1FD455911CE2F3BB005EB3C3 /* WCModule.cpp in Sources */ = {isa = PBXBuildFile; fileRef = 1FD4558F1CE2F3BB005EB3C3 /* WCModule.cpp */; };
		1FFD48891CDC5C8A0084D66C /* WCFileUtils.cpp in Sources */ = {isa = PBXBuildFile; fileRef = 1FFD48871CDC5C8A0084D66C /* WCFileUtils.cpp */; };
		1FFD488D1CDC6A7F0084D66C /* WCStringUtils.cpp in Sources */ = {isa = PBXBuildFile; fileRef = 1FFD488B1CDC6A7F0084D66C /* WCStringUtils.cpp */; };
		1FFD98A91CD9B3AD00398CA6 /* main.cpp in Sources */ = {isa = PBXBuildFile; fileRef = 1FFD98A81CD9B3AD00398CA6 /* main.cpp */; };
		1FFD98B31CD9D48A00398CA6 /* libpthread.tbd in Frameworks */ = {isa = PBXBuildFile; fileRef = 1FFD98B21CD9D48A00398CA6 /* libpthread.tbd */; };
		1FFD98B51CD9D49500398CA6 /* libcurses.tbd in Frameworks */ = {isa = PBXBuildFile; fileRef = 1FFD98B41CD9D49500398CA6 /* libcurses.tbd */; };
/* End PBXBuildFile section */

/* Begin PBXContainerItemProxy section */
		1FFD98BC1CD9EC1800398CA6 /* PBXContainerItemProxy */ = {
			isa = PBXContainerItemProxy;
			containerPortal = 1FFD98951CD9B34900398CA6 /* Project object */;
			proxyType = 1;
			remoteGlobalIDString = 1FFD989C1CD9B34900398CA6;
			remoteInfo = wolfc;
		};
/* End PBXContainerItemProxy section */

/* Begin PBXCopyFilesBuildPhase section */
		1FFD989B1CD9B34900398CA6 /* CopyFiles */ = {
			isa = PBXCopyFilesBuildPhase;
			buildActionMask = 2147483647;
			dstPath = /usr/share/man/man1/;
			dstSubfolderSpec = 0;
			files = (
			);
			runOnlyForDeploymentPostprocessing = 1;
		};
/* End PBXCopyFilesBuildPhase section */

/* Begin PBXFileReference section */
		1F03CC411CDEC42E00F6E440 /* WCLexer.cpp */ = {isa = PBXFileReference; fileEncoding = 4; lastKnownFileType = sourcecode.cpp.cpp; path = WCLexer.cpp; sourceTree = "<group>"; };
		1F03CC421CDEC42E00F6E440 /* WCLexer.hpp */ = {isa = PBXFileReference; fileEncoding = 4; lastKnownFileType = sourcecode.cpp.h; path = WCLexer.hpp; sourceTree = "<group>"; };
		1F231DAD1CE165AD0085E1C6 /* docs */ = {isa = PBXFileReference; lastKnownFileType = folder; name = docs; path = ../../docs; sourceTree = "<group>"; };
		1F231DB11CE1B2400085E1C6 /* WCASTNode.hpp */ = {isa = PBXFileReference; fileEncoding = 4; lastKnownFileType = sourcecode.cpp.h; path = WCASTNode.hpp; sourceTree = "<group>"; };
		1F231DB31CE1B4A00085E1C6 /* WCBinaryExpr.cpp */ = {isa = PBXFileReference; fileEncoding = 4; lastKnownFileType = sourcecode.cpp.cpp; path = WCBinaryExpr.cpp; sourceTree = "<group>"; };
		1F231DB41CE1B4A00085E1C6 /* WCBinaryExpr.hpp */ = {isa = PBXFileReference; fileEncoding = 4; lastKnownFileType = sourcecode.cpp.h; path = WCBinaryExpr.hpp; sourceTree = "<group>"; };
		1F231DB61CE1C0AF0085E1C6 /* WCUnaryExpr.cpp */ = {isa = PBXFileReference; fileEncoding = 4; lastKnownFileType = sourcecode.cpp.cpp; path = WCUnaryExpr.cpp; sourceTree = "<group>"; };
		1F231DB71CE1C0AF0085E1C6 /* WCUnaryExpr.hpp */ = {isa = PBXFileReference; fileEncoding = 4; lastKnownFileType = sourcecode.cpp.h; path = WCUnaryExpr.hpp; sourceTree = "<group>"; };
		1F231DB91CE1D3220085E1C6 /* WCASTNode.cpp */ = {isa = PBXFileReference; fileEncoding = 4; lastKnownFileType = sourcecode.cpp.cpp; path = WCASTNode.cpp; sourceTree = "<group>"; };
		1F44B8F71CDD6641008416B3 /* WCToken.hpp */ = {isa = PBXFileReference; fileEncoding = 4; lastKnownFileType = sourcecode.cpp.h; path = WCToken.hpp; sourceTree = "<group>"; };
		1F59D4DB1CE45BE200B095AC /* WCPrintExpr.cpp */ = {isa = PBXFileReference; fileEncoding = 4; lastKnownFileType = sourcecode.cpp.cpp; path = WCPrintExpr.cpp; sourceTree = "<group>"; };
		1F59D4DC1CE45BE200B095AC /* WCPrintExpr.hpp */ = {isa = PBXFileReference; fileEncoding = 4; lastKnownFileType = sourcecode.cpp.h; path = WCPrintExpr.hpp; sourceTree = "<group>"; };
		1F59D4DE1CE45F1100B095AC /* WCCharUtils.cpp */ = {isa = PBXFileReference; fileEncoding = 4; lastKnownFileType = sourcecode.cpp.cpp; path = WCCharUtils.cpp; sourceTree = "<group>"; };
		1F59D4E01CE4698000B095AC /* WCStrLit.cpp */ = {isa = PBXFileReference; fileEncoding = 4; lastKnownFileType = sourcecode.cpp.cpp; path = WCStrLit.cpp; sourceTree = "<group>"; };
		1F59D4E11CE4698000B095AC /* WCStrLit.hpp */ = {isa = PBXFileReference; fileEncoding = 4; lastKnownFileType = sourcecode.cpp.h; path = WCStrLit.hpp; sourceTree = "<group>"; };
		1F59D4E31CE471AD00B095AC /* WCCodegenCtx.hpp */ = {isa = PBXFileReference; lastKnownFileType = sourcecode.cpp.h; path = WCCodegenCtx.hpp; sourceTree = "<group>"; };
		1F7F6BB51CE6A10C002E9FA4 /* WCExprs.cpp */ = {isa = PBXFileReference; fileEncoding = 4; lastKnownFileType = sourcecode.cpp.cpp; path = WCExprs.cpp; sourceTree = "<group>"; };
		1F7F6BB61CE6A10C002E9FA4 /* WCExprs.hpp */ = {isa = PBXFileReference; fileEncoding = 4; lastKnownFileType = sourcecode.cpp.h; path = WCExprs.hpp; sourceTree = "<group>"; };
		1F7F6BB81CE6A401002E9FA4 /* WCExpr.cpp */ = {isa = PBXFileReference; fileEncoding = 4; lastKnownFileType = sourcecode.cpp.cpp; path = WCExpr.cpp; sourceTree = "<group>"; };
		1F7F6BB91CE6A401002E9FA4 /* WCExpr.hpp */ = {isa = PBXFileReference; fileEncoding = 4; lastKnownFileType = sourcecode.cpp.h; path = WCExpr.hpp; sourceTree = "<group>"; };
		1F8BEB2D1CE59BA800A78DDE /* WCScope.cpp */ = {isa = PBXFileReference; fileEncoding = 4; lastKnownFileType = sourcecode.cpp.cpp; path = WCScope.cpp; sourceTree = "<group>"; };
		1F8BEB2E1CE59BA800A78DDE /* WCScope.hpp */ = {isa = PBXFileReference; fileEncoding = 4; lastKnownFileType = sourcecode.cpp.h; path = WCScope.hpp; sourceTree = "<group>"; };
		1F8BEB301CE5A02700A78DDE /* WCAssert.hpp */ = {isa = PBXFileReference; fileEncoding = 4; lastKnownFileType = sourcecode.cpp.h; path = WCAssert.hpp; sourceTree = "<group>"; };
		1F8BEB311CE5A02700A78DDE /* WCLogger.cpp */ = {isa = PBXFileReference; fileEncoding = 4; lastKnownFileType = sourcecode.cpp.cpp; path = WCLogger.cpp; sourceTree = "<group>"; };
		1F8BEB321CE5A02700A78DDE /* WCLogger.hpp */ = {isa = PBXFileReference; fileEncoding = 4; lastKnownFileType = sourcecode.cpp.h; path = WCLogger.hpp; sourceTree = "<group>"; };
		1FD4558C1CE2DC90005EB3C3 /* WCIntLit.cpp */ = {isa = PBXFileReference; fileEncoding = 4; lastKnownFileType = sourcecode.cpp.cpp; path = WCIntLit.cpp; sourceTree = "<group>"; };
		1FD4558D1CE2DC90005EB3C3 /* WCIntLit.hpp */ = {isa = PBXFileReference; fileEncoding = 4; lastKnownFileType = sourcecode.cpp.h; path = WCIntLit.hpp; sourceTree = "<group>"; };
		1FD4558F1CE2F3BB005EB3C3 /* WCModule.cpp */ = {isa = PBXFileReference; fileEncoding = 4; lastKnownFileType = sourcecode.cpp.cpp; path = WCModule.cpp; sourceTree = "<group>"; };
		1FD455901CE2F3BB005EB3C3 /* WCModule.hpp */ = {isa = PBXFileReference; fileEncoding = 4; lastKnownFileType = sourcecode.cpp.h; path = WCModule.hpp; sourceTree = "<group>"; };
		1FD455921CE2FDE6005EB3C3 /* WCASTNodeCodegen.hpp */ = {isa = PBXFileReference; fileEncoding = 4; lastKnownFileType = sourcecode.cpp.h; path = WCASTNodeCodegen.hpp; sourceTree = "<group>"; };
		1FD455941CE30BB1005EB3C3 /* test_data */ = {isa = PBXFileReference; lastKnownFileType = folder; name = test_data; path = ../test_data; sourceTree = "<group>"; };
		1FFD48821CDC3DEA0084D66C /* WCCharUtils.hpp */ = {isa = PBXFileReference; fileEncoding = 4; lastKnownFileType = sourcecode.cpp.h; path = WCCharUtils.hpp; sourceTree = "<group>"; };
		1FFD48871CDC5C8A0084D66C /* WCFileUtils.cpp */ = {isa = PBXFileReference; fileEncoding = 4; lastKnownFileType = sourcecode.cpp.cpp; path = WCFileUtils.cpp; sourceTree = "<group>"; };
		1FFD48881CDC5C8A0084D66C /* WCFileUtils.hpp */ = {isa = PBXFileReference; fileEncoding = 4; lastKnownFileType = sourcecode.cpp.h; path = WCFileUtils.hpp; sourceTree = "<group>"; };
		1FFD488A1CDC61B00084D66C /* WCFinally.hpp */ = {isa = PBXFileReference; lastKnownFileType = sourcecode.cpp.h; path = WCFinally.hpp; sourceTree = "<group>"; };
		1FFD488B1CDC6A7F0084D66C /* WCStringUtils.cpp */ = {isa = PBXFileReference; fileEncoding = 4; lastKnownFileType = sourcecode.cpp.cpp; path = WCStringUtils.cpp; sourceTree = "<group>"; };
		1FFD488C1CDC6A7F0084D66C /* WCStringUtils.hpp */ = {isa = PBXFileReference; fileEncoding = 4; lastKnownFileType = sourcecode.cpp.h; path = WCStringUtils.hpp; sourceTree = "<group>"; };
		1FFD989D1CD9B34900398CA6 /* wolfc */ = {isa = PBXFileReference; explicitFileType = "compiled.mach-o.executable"; includeInIndex = 0; path = wolfc; sourceTree = BUILT_PRODUCTS_DIR; };
		1FFD98A81CD9B3AD00398CA6 /* main.cpp */ = {isa = PBXFileReference; fileEncoding = 4; lastKnownFileType = sourcecode.cpp.cpp; path = main.cpp; sourceTree = "<group>"; };
		1FFD98B21CD9D48A00398CA6 /* libpthread.tbd */ = {isa = PBXFileReference; lastKnownFileType = "sourcecode.text-based-dylib-definition"; name = libpthread.tbd; path = usr/lib/libpthread.tbd; sourceTree = SDKROOT; };
		1FFD98B41CD9D49500398CA6 /* libcurses.tbd */ = {isa = PBXFileReference; lastKnownFileType = "sourcecode.text-based-dylib-definition"; name = libcurses.tbd; path = usr/lib/libcurses.tbd; sourceTree = SDKROOT; };
		1FFD98B71CD9D82A00398CA6 /* WCMacros.hpp */ = {isa = PBXFileReference; lastKnownFileType = sourcecode.cpp.h; path = WCMacros.hpp; sourceTree = "<group>"; };
/* End PBXFileReference section */

/* Begin PBXFrameworksBuildPhase section */
		1FFD989A1CD9B34900398CA6 /* Frameworks */ = {
			isa = PBXFrameworksBuildPhase;
			buildActionMask = 2147483647;
			files = (
				1FFD98B51CD9D49500398CA6 /* libcurses.tbd in Frameworks */,
				1FFD98B31CD9D48A00398CA6 /* libpthread.tbd in Frameworks */,
			);
			runOnlyForDeploymentPostprocessing = 0;
		};
/* End PBXFrameworksBuildPhase section */

/* Begin PBXGroup section */
		1F231DAF1CE1B1EB0085E1C6 /* AST */ = {
			isa = PBXGroup;
			children = (
				1F231DB91CE1D3220085E1C6 /* WCASTNode.cpp */,
				1F231DB11CE1B2400085E1C6 /* WCASTNode.hpp */,
				1FD455921CE2FDE6005EB3C3 /* WCASTNodeCodegen.hpp */,
				1F231DB31CE1B4A00085E1C6 /* WCBinaryExpr.cpp */,
				1F231DB41CE1B4A00085E1C6 /* WCBinaryExpr.hpp */,
				1F7F6BB81CE6A401002E9FA4 /* WCExpr.cpp */,
				1F7F6BB91CE6A401002E9FA4 /* WCExpr.hpp */,
				1F7F6BB51CE6A10C002E9FA4 /* WCExprs.cpp */,
				1F7F6BB61CE6A10C002E9FA4 /* WCExprs.hpp */,
				1FD4558C1CE2DC90005EB3C3 /* WCIntLit.cpp */,
				1FD4558D1CE2DC90005EB3C3 /* WCIntLit.hpp */,
				1FD4558F1CE2F3BB005EB3C3 /* WCModule.cpp */,
				1FD455901CE2F3BB005EB3C3 /* WCModule.hpp */,
				1F59D4DB1CE45BE200B095AC /* WCPrintExpr.cpp */,
				1F59D4DC1CE45BE200B095AC /* WCPrintExpr.hpp */,
				1F8BEB2D1CE59BA800A78DDE /* WCScope.cpp */,
				1F8BEB2E1CE59BA800A78DDE /* WCScope.hpp */,
				1F59D4E01CE4698000B095AC /* WCStrLit.cpp */,
				1F59D4E11CE4698000B095AC /* WCStrLit.hpp */,
				1F231DB61CE1C0AF0085E1C6 /* WCUnaryExpr.cpp */,
				1F231DB71CE1C0AF0085E1C6 /* WCUnaryExpr.hpp */,
			);
			path = AST;
			sourceTree = "<group>";
		};
		1FD455951CE30BC3005EB3C3 /* External */ = {
			isa = PBXGroup;
			children = (
				1F231DAD1CE165AD0085E1C6 /* docs */,
				1FD455941CE30BB1005EB3C3 /* test_data */,
			);
			name = External;
			sourceTree = "<group>";
		};
		1FFD98941CD9B34900398CA6 = {
			isa = PBXGroup;
			children = (
				1FD455951CE30BC3005EB3C3 /* External */,
				1FFD98B61CD9D4C000398CA6 /* Frameworks */,
				1FFD98A71CD9B3AD00398CA6 /* platform.all */,
				1FFD989E1CD9B34900398CA6 /* Products */,
			);
			sourceTree = "<group>";
		};
		1FFD989E1CD9B34900398CA6 /* Products */ = {
			isa = PBXGroup;
			children = (
				1FFD989D1CD9B34900398CA6 /* wolfc */,
			);
			name = Products;
			sourceTree = "<group>";
		};
		1FFD98A71CD9B3AD00398CA6 /* platform.all */ = {
			isa = PBXGroup;
			children = (
				1F231DAF1CE1B1EB0085E1C6 /* AST */,
				1FFD98A81CD9B3AD00398CA6 /* main.cpp */,
				1F8BEB301CE5A02700A78DDE /* WCAssert.hpp */,
				1F59D4DE1CE45F1100B095AC /* WCCharUtils.cpp */,
				1FFD48821CDC3DEA0084D66C /* WCCharUtils.hpp */,
				1F59D4E31CE471AD00B095AC /* WCCodegenCtx.hpp */,
				1FFD48871CDC5C8A0084D66C /* WCFileUtils.cpp */,
				1FFD48881CDC5C8A0084D66C /* WCFileUtils.hpp */,
				1FFD488A1CDC61B00084D66C /* WCFinally.hpp */,
				1F03CC411CDEC42E00F6E440 /* WCLexer.cpp */,
				1F03CC421CDEC42E00F6E440 /* WCLexer.hpp */,
				1F8BEB311CE5A02700A78DDE /* WCLogger.cpp */,
				1F8BEB321CE5A02700A78DDE /* WCLogger.hpp */,
				1FFD98B71CD9D82A00398CA6 /* WCMacros.hpp */,
				1FFD488B1CDC6A7F0084D66C /* WCStringUtils.cpp */,
				1FFD488C1CDC6A7F0084D66C /* WCStringUtils.hpp */,
				1F44B8F71CDD6641008416B3 /* WCToken.hpp */,
			);
			name = platform.all;
			path = ../platform.all;
			sourceTree = "<group>";
		};
		1FFD98B61CD9D4C000398CA6 /* Frameworks */ = {
			isa = PBXGroup;
			children = (
				1FFD98B41CD9D49500398CA6 /* libcurses.tbd */,
				1FFD98B21CD9D48A00398CA6 /* libpthread.tbd */,
			);
			name = Frameworks;
			sourceTree = "<group>";
		};
/* End PBXGroup section */

/* Begin PBXNativeTarget section */
		1FFD989C1CD9B34900398CA6 /* wolfc */ = {
			isa = PBXNativeTarget;
			buildConfigurationList = 1FFD98A41CD9B34900398CA6 /* Build configuration list for PBXNativeTarget "wolfc" */;
			buildPhases = (
				1FFD98991CD9B34900398CA6 /* Sources */,
				1FFD989A1CD9B34900398CA6 /* Frameworks */,
				1FFD989B1CD9B34900398CA6 /* CopyFiles */,
			);
			buildRules = (
			);
			dependencies = (
			);
			name = wolfc;
			productName = wolfc;
			productReference = 1FFD989D1CD9B34900398CA6 /* wolfc */;
			productType = "com.apple.product-type.tool";
		};
/* End PBXNativeTarget section */

/* Begin PBXProject section */
		1FFD98951CD9B34900398CA6 /* Project object */ = {
			isa = PBXProject;
			attributes = {
				LastUpgradeCheck = 0730;
				ORGANIZATIONNAME = "Darragh Coy";
				TargetAttributes = {
					1FFD989C1CD9B34900398CA6 = {
						CreatedOnToolsVersion = 7.3;
					};
					1FFD98B81CD9EC0C00398CA6 = {
						CreatedOnToolsVersion = 7.3;
					};
				};
			};
			buildConfigurationList = 1FFD98981CD9B34900398CA6 /* Build configuration list for PBXProject "wolfc" */;
			compatibilityVersion = "Xcode 3.2";
			developmentRegion = English;
			hasScannedForEncodings = 0;
			knownRegions = (
				en,
			);
			mainGroup = 1FFD98941CD9B34900398CA6;
			productRefGroup = 1FFD989E1CD9B34900398CA6 /* Products */;
			projectDirPath = "";
			projectRoot = "";
			targets = (
				1FFD989C1CD9B34900398CA6 /* wolfc */,
				1FFD98B81CD9EC0C00398CA6 /* wolfc-test */,
			);
		};
/* End PBXProject section */

/* Begin PBXShellScriptBuildPhase section */
		1FFD98BE1CD9EC2C00398CA6 /* ShellScript */ = {
			isa = PBXShellScriptBuildPhase;
			buildActionMask = 2147483647;
			files = (
			);
			inputPaths = (
			);
			outputPaths = (
				"$(DERIVED_FILE_DIR)/wolfc-test.out",
			);
			runOnlyForDeploymentPostprocessing = 0;
			shellPath = /bin/sh;
			shellScript = "INPUT_FILE=\"${PROJECT_DIR}/../test_data/wolfc-test.wolf\"\nTEST_DIR=\"${DERIVED_FILE_DIR}\"\nmkdir -p \"${TEST_DIR}\"\n\necho \"**************\"\necho \"**************\"\n\n# Generate the llvm ir code\n\"${BUILT_PRODUCTS_DIR}/wolfc\" \"${INPUT_FILE}\" 2> \"${TEST_DIR}/wolfc-test.ll\"\n\nif [ $? != 0 ]; then\n    echo \"A compiler error occurred! Error details follow...\"\n    cat \"${TEST_DIR}/wolfc-test.ll\"\n    exit 1\nfi\n\n# Generate assembly\nllc -march=x86-64 -x86-asm-syntax=intel -o \"${TEST_DIR}/wolfc-test.s\" \"${TEST_DIR}/wolfc-test.ll\"\n\nif [ $? != 0 ]; then\n    echo \"Assembly generation failed!\"\n    exit 1\nfi\n\necho \"**************\"\necho \"**************\"\n\ncat \"${TEST_DIR}/wolfc-test.s\"\n\necho \"**************\"\necho \"**************\"\n\n# Compile that assembly to an executable\nclang \"${TEST_DIR}/wolfc-test.s\" -o \"${BUILT_PRODUCTS_DIR}/wolfc-test\"\n\nif [ $? != 0 ]; then\n    echo \"Compiling failed!\"\n    exit 1\nfi\n\nchmod +x \"${BUILT_PRODUCTS_DIR}/wolfc-test\"\n\nif [ $? != 0 ]; then\n    echo \"Execution failed!\"\n    exit 1\nfi\n";
		};
/* End PBXShellScriptBuildPhase section */

/* Begin PBXSourcesBuildPhase section */
		1FFD98991CD9B34900398CA6 /* Sources */ = {
			isa = PBXSourcesBuildPhase;
			buildActionMask = 2147483647;
			files = (
				1FFD98A91CD9B3AD00398CA6 /* main.cpp in Sources */,
				1FD4558E1CE2DC90005EB3C3 /* WCIntLit.cpp in Sources */,
				1F59D4E21CE4698000B095AC /* WCStrLit.cpp in Sources */,
				1F59D4DD1CE45BE200B095AC /* WCPrintExpr.cpp in Sources */,
				1FFD48891CDC5C8A0084D66C /* WCFileUtils.cpp in Sources */,
				1FFD488D1CDC6A7F0084D66C /* WCStringUtils.cpp in Sources */,
				1F59D4DF1CE45F1100B095AC /* WCCharUtils.cpp in Sources */,
				1F7F6BB71CE6A10C002E9FA4 /* WCExprs.cpp in Sources */,
				1FD455911CE2F3BB005EB3C3 /* WCModule.cpp in Sources */,
				1F03CC431CDEC42E00F6E440 /* WCLexer.cpp in Sources */,
				1F231DBA1CE1D3220085E1C6 /* WCASTNode.cpp in Sources */,
				1F231DB51CE1B4A00085E1C6 /* WCBinaryExpr.cpp in Sources */,
				1F8BEB2F1CE59BA800A78DDE /* WCScope.cpp in Sources */,
				1F231DB81CE1C0AF0085E1C6 /* WCUnaryExpr.cpp in Sources */,
				1F8BEB331CE5A02700A78DDE /* WCLogger.cpp in Sources */,
				1F7F6BBA1CE6A401002E9FA4 /* WCExpr.cpp in Sources */,
			);
			runOnlyForDeploymentPostprocessing = 0;
		};
/* End PBXSourcesBuildPhase section */

/* Begin PBXTargetDependency section */
		1FFD98BD1CD9EC1800398CA6 /* PBXTargetDependency */ = {
			isa = PBXTargetDependency;
			target = 1FFD989C1CD9B34900398CA6 /* wolfc */;
			targetProxy = 1FFD98BC1CD9EC1800398CA6 /* PBXContainerItemProxy */;
		};
/* End PBXTargetDependency section */

/* Begin XCBuildConfiguration section */
		1FFD98A21CD9B34900398CA6 /* Debug */ = {
			isa = XCBuildConfiguration;
			buildSettings = {
				ALWAYS_SEARCH_USER_PATHS = NO;
				CLANG_ANALYZER_NONNULL = YES;
				CLANG_ENABLE_MODULES = YES;
				CLANG_ENABLE_OBJC_ARC = YES;
				CLANG_WARN_ASSIGN_ENUM = YES;
				CLANG_WARN_BOOL_CONVERSION = YES;
				CLANG_WARN_CONSTANT_CONVERSION = YES;
				CLANG_WARN_CXX0X_EXTENSIONS = YES;
				CLANG_WARN_DEPRECATED_OBJC_IMPLEMENTATIONS = YES;
				CLANG_WARN_DIRECT_OBJC_ISA_USAGE = YES_ERROR;
				CLANG_WARN_DOCUMENTATION_COMMENTS = YES;
				CLANG_WARN_EMPTY_BODY = YES;
				CLANG_WARN_ENUM_CONVERSION = YES;
				CLANG_WARN_IMPLICIT_SIGN_CONVERSION = YES;
				CLANG_WARN_INT_CONVERSION = YES;
				CLANG_WARN_NULLABLE_TO_NONNULL_CONVERSION = YES;
				CLANG_WARN_OBJC_IMPLICIT_ATOMIC_PROPERTIES = YES;
				CLANG_WARN_OBJC_MISSING_PROPERTY_SYNTHESIS = YES;
				CLANG_WARN_OBJC_ROOT_CLASS = YES_ERROR;
				CLANG_WARN_SUSPICIOUS_IMPLICIT_CONVERSION = YES;
				CLANG_WARN_UNREACHABLE_CODE = YES;
				CLANG_WARN__DUPLICATE_METHOD_MATCH = YES;
				CLANG_WARN__EXIT_TIME_DESTRUCTORS = NO;
				CODE_SIGN_IDENTITY = "-";
				COPY_PHASE_STRIP = NO;
				DEBUG_INFORMATION_FORMAT = dwarf;
				ENABLE_STRICT_OBJC_MSGSEND = YES;
				ENABLE_TESTABILITY = YES;
				GCC_DYNAMIC_NO_PIC = NO;
				GCC_NO_COMMON_BLOCKS = YES;
				GCC_OPTIMIZATION_LEVEL = 0;
				GCC_TREAT_IMPLICIT_FUNCTION_DECLARATIONS_AS_ERRORS = YES;
				GCC_TREAT_INCOMPATIBLE_POINTER_TYPE_WARNINGS_AS_ERRORS = YES;
				GCC_WARN_64_TO_32_BIT_CONVERSION = YES;
				GCC_WARN_ABOUT_MISSING_FIELD_INITIALIZERS = YES;
				GCC_WARN_ABOUT_MISSING_NEWLINE = YES;
				GCC_WARN_ABOUT_MISSING_PROTOTYPES = YES;
				GCC_WARN_ABOUT_RETURN_TYPE = YES_ERROR;
				GCC_WARN_FOUR_CHARACTER_CONSTANTS = YES;
				GCC_WARN_HIDDEN_VIRTUAL_FUNCTIONS = YES;
				GCC_WARN_INITIALIZER_NOT_FULLY_BRACKETED = YES;
				GCC_WARN_NON_VIRTUAL_DESTRUCTOR = YES;
				GCC_WARN_SHADOW = YES;
				GCC_WARN_SIGN_COMPARE = YES;
				GCC_WARN_STRICT_SELECTOR_MATCH = YES;
				GCC_WARN_UNDECLARED_SELECTOR = YES;
				GCC_WARN_UNINITIALIZED_AUTOS = YES_AGGRESSIVE;
				GCC_WARN_UNKNOWN_PRAGMAS = YES;
				GCC_WARN_UNUSED_FUNCTION = YES;
				GCC_WARN_UNUSED_LABEL = YES;
				GCC_WARN_UNUSED_PARAMETER = YES;
				GCC_WARN_UNUSED_VARIABLE = YES;
				MACOSX_DEPLOYMENT_TARGET = 10.11;
				MTL_ENABLE_DEBUG_INFO = YES;
				ONLY_ACTIVE_ARCH = YES;
			};
			name = Debug;
		};
		1FFD98A31CD9B34900398CA6 /* Release */ = {
			isa = XCBuildConfiguration;
			buildSettings = {
				ALWAYS_SEARCH_USER_PATHS = NO;
				CLANG_ANALYZER_NONNULL = YES;
				CLANG_ENABLE_MODULES = YES;
				CLANG_ENABLE_OBJC_ARC = YES;
				CLANG_WARN_ASSIGN_ENUM = YES;
				CLANG_WARN_BOOL_CONVERSION = YES;
				CLANG_WARN_CONSTANT_CONVERSION = YES;
				CLANG_WARN_CXX0X_EXTENSIONS = YES;
				CLANG_WARN_DEPRECATED_OBJC_IMPLEMENTATIONS = YES;
				CLANG_WARN_DIRECT_OBJC_ISA_USAGE = YES_ERROR;
				CLANG_WARN_DOCUMENTATION_COMMENTS = YES;
				CLANG_WARN_EMPTY_BODY = YES;
				CLANG_WARN_ENUM_CONVERSION = YES;
				CLANG_WARN_IMPLICIT_SIGN_CONVERSION = YES;
				CLANG_WARN_INT_CONVERSION = YES;
				CLANG_WARN_NULLABLE_TO_NONNULL_CONVERSION = YES;
				CLANG_WARN_OBJC_IMPLICIT_ATOMIC_PROPERTIES = YES;
				CLANG_WARN_OBJC_MISSING_PROPERTY_SYNTHESIS = YES;
				CLANG_WARN_OBJC_ROOT_CLASS = YES_ERROR;
				CLANG_WARN_SUSPICIOUS_IMPLICIT_CONVERSION = YES;
				CLANG_WARN_UNREACHABLE_CODE = YES;
				CLANG_WARN__DUPLICATE_METHOD_MATCH = YES;
				CLANG_WARN__EXIT_TIME_DESTRUCTORS = NO;
				CODE_SIGN_IDENTITY = "-";
				COPY_PHASE_STRIP = NO;
				DEBUG_INFORMATION_FORMAT = "dwarf-with-dsym";
				ENABLE_NS_ASSERTIONS = NO;
				ENABLE_STRICT_OBJC_MSGSEND = YES;
				GCC_NO_COMMON_BLOCKS = YES;
				GCC_TREAT_IMPLICIT_FUNCTION_DECLARATIONS_AS_ERRORS = YES;
				GCC_TREAT_INCOMPATIBLE_POINTER_TYPE_WARNINGS_AS_ERRORS = YES;
				GCC_WARN_64_TO_32_BIT_CONVERSION = YES;
				GCC_WARN_ABOUT_MISSING_FIELD_INITIALIZERS = YES;
				GCC_WARN_ABOUT_MISSING_NEWLINE = YES;
				GCC_WARN_ABOUT_MISSING_PROTOTYPES = YES;
				GCC_WARN_ABOUT_RETURN_TYPE = YES_ERROR;
				GCC_WARN_FOUR_CHARACTER_CONSTANTS = YES;
				GCC_WARN_HIDDEN_VIRTUAL_FUNCTIONS = YES;
				GCC_WARN_INITIALIZER_NOT_FULLY_BRACKETED = YES;
				GCC_WARN_NON_VIRTUAL_DESTRUCTOR = YES;
				GCC_WARN_SHADOW = YES;
				GCC_WARN_SIGN_COMPARE = YES;
				GCC_WARN_STRICT_SELECTOR_MATCH = YES;
				GCC_WARN_UNDECLARED_SELECTOR = YES;
				GCC_WARN_UNINITIALIZED_AUTOS = YES_AGGRESSIVE;
				GCC_WARN_UNKNOWN_PRAGMAS = YES;
				GCC_WARN_UNUSED_FUNCTION = YES;
				GCC_WARN_UNUSED_LABEL = YES;
				GCC_WARN_UNUSED_PARAMETER = YES;
				GCC_WARN_UNUSED_VARIABLE = YES;
				MACOSX_DEPLOYMENT_TARGET = 10.11;
				MTL_ENABLE_DEBUG_INFO = NO;
			};
			name = Release;
		};
		1FFD98A51CD9B34900398CA6 /* Debug */ = {
			isa = XCBuildConfiguration;
			buildSettings = {
				CLANG_CXX_LANGUAGE_STANDARD = "c++14";
				CLANG_CXX_LIBRARY = "libc++";
				GCC_C_LANGUAGE_STANDARD = c11;
				GCC_PREPROCESSOR_DEFINITIONS = (
					"DEBUG=1",
					__STDC_CONSTANT_MACROS,
					__STDC_LIMIT_MACROS,
				);
				HEADER_SEARCH_PATHS = /usr/local/include;
				LIBRARY_SEARCH_PATHS = /usr/local/lib;
				OTHER_LDFLAGS = (
					"-lLLVMCore",
					"-lLLVMSupport",
				);
				PRODUCT_NAME = "$(TARGET_NAME)";
				SDKROOT = macosx;
			};
			name = Debug;
		};
		1FFD98A61CD9B34900398CA6 /* Release */ = {
			isa = XCBuildConfiguration;
			buildSettings = {
				CLANG_CXX_LANGUAGE_STANDARD = "c++14";
				CLANG_CXX_LIBRARY = "libc++";
				GCC_C_LANGUAGE_STANDARD = c11;
				GCC_PREPROCESSOR_DEFINITIONS = (
					NDEBUG,
					__STDC_CONSTANT_MACROS,
					__STDC_LIMIT_MACROS,
				);
				HEADER_SEARCH_PATHS = /usr/local/include;
				LIBRARY_SEARCH_PATHS = /usr/local/lib;
				OTHER_LDFLAGS = (
					"-lLLVMCore",
					"-lLLVMSupport",
				);
				PRODUCT_NAME = "$(TARGET_NAME)";
				SDKROOT = macosx;
			};
			name = Release;
		};
		1FFD98BA1CD9EC0C00398CA6 /* Debug */ = {
			isa = XCBuildConfiguration;
			buildSettings = {
				PRODUCT_NAME = "$(TARGET_NAME)";
			};
			name = Debug;
		};
		1FFD98BB1CD9EC0C00398CA6 /* Release */ = {
			isa = XCBuildConfiguration;
			buildSettings = {
				PRODUCT_NAME = "$(TARGET_NAME)";
			};
			name = Release;
		};
/* End XCBuildConfiguration section */

/* Begin XCConfigurationList section */
		1FFD98981CD9B34900398CA6 /* Build configuration list for PBXProject "wolfc" */ = {
			isa = XCConfigurationList;
			buildConfigurations = (
				1FFD98A21CD9B34900398CA6 /* Debug */,
				1FFD98A31CD9B34900398CA6 /* Release */,
			);
			defaultConfigurationIsVisible = 0;
			defaultConfigurationName = Release;
		};
		1FFD98A41CD9B34900398CA6 /* Build configuration list for PBXNativeTarget "wolfc" */ = {
			isa = XCConfigurationList;
			buildConfigurations = (
				1FFD98A51CD9B34900398CA6 /* Debug */,
				1FFD98A61CD9B34900398CA6 /* Release */,
			);
			defaultConfigurationIsVisible = 0;
			defaultConfigurationName = Release;
		};
		1FFD98B91CD9EC0C00398CA6 /* Build configuration list for PBXAggregateTarget "wolfc-test" */ = {
			isa = XCConfigurationList;
			buildConfigurations = (
				1FFD98BA1CD9EC0C00398CA6 /* Debug */,
				1FFD98BB1CD9EC0C00398CA6 /* Release */,
			);
			defaultConfigurationIsVisible = 0;
			defaultConfigurationName = Release;
		};
/* End XCConfigurationList section */
	};
	rootObject = 1FFD98951CD9B34900398CA6 /* Project object */;
}
