// !$*UTF8*$!
{
	archiveVersion = 1;
	classes = {
	};
	objectVersion = 46;
	objects = {

/* Begin PBXAggregateTarget section */
		1F7D8AFB1DFD6590002FB442 /* wolfc-unit-tests */ = {
			isa = PBXAggregateTarget;
			buildConfigurationList = 1F7D8AFC1DFD6590002FB442 /* Build configuration list for PBXAggregateTarget "wolfc-unit-tests" */;
			buildPhases = (
				1F7D8B011DFD6665002FB442 /* ShellScript */,
			);
			dependencies = (
				1F7D8B001DFD6596002FB442 /* PBXTargetDependency */,
			);
			name = "wolfc-unit-tests";
			productName = "wolfc-unit-tests";
		};
		1FFD98B81CD9EC0C00398CA6 /* wolfc-test */ = {
			isa = PBXAggregateTarget;
			buildConfigurationList = 1FFD98B91CD9EC0C00398CA6 /* Build configuration list for PBXAggregateTarget "wolfc-test" */;
			buildPhases = (
				1FFD98BE1CD9EC2C00398CA6 /* ShellScript */,
			);
			dependencies = (
				1FFD98BD1CD9EC1800398CA6 /* PBXTargetDependency */,
			);
			name = "wolfc-test";
			productName = "wolfc-test";
		};
/* End PBXAggregateTarget section */

/* Begin PBXBuildFile section */
		1F03088A1E2AF2510097D223 /* WCAddExpr.cpp in Sources */ = {isa = PBXBuildFile; fileRef = 1F03082C1E2AF2510097D223 /* WCAddExpr.cpp */; };
		1F03088B1E2AF2510097D223 /* WCArrayLit.cpp in Sources */ = {isa = PBXBuildFile; fileRef = 1F03082E1E2AF2510097D223 /* WCArrayLit.cpp */; };
		1F03088C1E2AF2510097D223 /* WCArrayLitExprs.cpp in Sources */ = {isa = PBXBuildFile; fileRef = 1F0308301E2AF2510097D223 /* WCArrayLitExprs.cpp */; };
		1F03088D1E2AF2510097D223 /* WCAssertStmnt.cpp in Sources */ = {isa = PBXBuildFile; fileRef = 1F0308321E2AF2510097D223 /* WCAssertStmnt.cpp */; };
		1F03088E1E2AF2510097D223 /* WCAssignExpr.cpp in Sources */ = {isa = PBXBuildFile; fileRef = 1F0308341E2AF2510097D223 /* WCAssignExpr.cpp */; };
		1F03088F1E2AF2510097D223 /* WCASTNode.cpp in Sources */ = {isa = PBXBuildFile; fileRef = 1F0308361E2AF2510097D223 /* WCASTNode.cpp */; };
		1F0308901E2AF2510097D223 /* WCBoolLit.cpp in Sources */ = {isa = PBXBuildFile; fileRef = 1F0308381E2AF2510097D223 /* WCBoolLit.cpp */; };
		1F0308911E2AF2510097D223 /* WCBreakStmnt.cpp in Sources */ = {isa = PBXBuildFile; fileRef = 1F03083A1E2AF2510097D223 /* WCBreakStmnt.cpp */; };
		1F0308921E2AF2510097D223 /* WCCastExpr.cpp in Sources */ = {isa = PBXBuildFile; fileRef = 1F03083C1E2AF2510097D223 /* WCCastExpr.cpp */; };
		1F0308931E2AF2510097D223 /* WCCmpExpr.cpp in Sources */ = {isa = PBXBuildFile; fileRef = 1F03083E1E2AF2510097D223 /* WCCmpExpr.cpp */; };
		1F0308941E2AF2510097D223 /* WCDeclDef.cpp in Sources */ = {isa = PBXBuildFile; fileRef = 1F0308401E2AF2510097D223 /* WCDeclDef.cpp */; };
		1F0308951E2AF2510097D223 /* WCFunc.cpp in Sources */ = {isa = PBXBuildFile; fileRef = 1F0308421E2AF2510097D223 /* WCFunc.cpp */; };
		1F0308961E2AF2510097D223 /* WCFuncArg.cpp in Sources */ = {isa = PBXBuildFile; fileRef = 1F0308441E2AF2510097D223 /* WCFuncArg.cpp */; };
		1F0308971E2AF2510097D223 /* WCFuncArgList.cpp in Sources */ = {isa = PBXBuildFile; fileRef = 1F0308461E2AF2510097D223 /* WCFuncArgList.cpp */; };
		1F0308981E2AF2510097D223 /* WCFuncCall.cpp in Sources */ = {isa = PBXBuildFile; fileRef = 1F0308481E2AF2510097D223 /* WCFuncCall.cpp */; };
		1F0308991E2AF2510097D223 /* WCFuncCallArgList.cpp in Sources */ = {isa = PBXBuildFile; fileRef = 1F03084A1E2AF2510097D223 /* WCFuncCallArgList.cpp */; };
		1F03089A1E2AF2510097D223 /* WCIdentifier.cpp in Sources */ = {isa = PBXBuildFile; fileRef = 1F03084D1E2AF2510097D223 /* WCIdentifier.cpp */; };
		1F03089B1E2AF2510097D223 /* WCIfStmnt.cpp in Sources */ = {isa = PBXBuildFile; fileRef = 1F0308501E2AF2510097D223 /* WCIfStmnt.cpp */; };
		1F03089C1E2AF2510097D223 /* WCIntLit.cpp in Sources */ = {isa = PBXBuildFile; fileRef = 1F0308521E2AF2510097D223 /* WCIntLit.cpp */; };
		1F03089D1E2AF2510097D223 /* WCLAndExpr.cpp in Sources */ = {isa = PBXBuildFile; fileRef = 1F0308561E2AF2510097D223 /* WCLAndExpr.cpp */; };
		1F03089E1E2AF2510097D223 /* WCLoopStmnt.cpp in Sources */ = {isa = PBXBuildFile; fileRef = 1F0308581E2AF2510097D223 /* WCLoopStmnt.cpp */; };
		1F03089F1E2AF2510097D223 /* WCLOrExpr.cpp in Sources */ = {isa = PBXBuildFile; fileRef = 1F03085A1E2AF2510097D223 /* WCLOrExpr.cpp */; };
		1F0308A01E2AF2510097D223 /* WCModule.cpp in Sources */ = {isa = PBXBuildFile; fileRef = 1F03085C1E2AF2510097D223 /* WCModule.cpp */; };
		1F0308A11E2AF2510097D223 /* WCMulExpr.cpp in Sources */ = {isa = PBXBuildFile; fileRef = 1F03085E1E2AF2510097D223 /* WCMulExpr.cpp */; };
		1F0308A21E2AF2510097D223 /* WCNextStmnt.cpp in Sources */ = {isa = PBXBuildFile; fileRef = 1F0308601E2AF2510097D223 /* WCNextStmnt.cpp */; };
		1F0308A31E2AF2510097D223 /* WCNoOpStmnt.cpp in Sources */ = {isa = PBXBuildFile; fileRef = 1F0308621E2AF2510097D223 /* WCNoOpStmnt.cpp */; };
		1F0308A41E2AF2510097D223 /* WCNotExpr.cpp in Sources */ = {isa = PBXBuildFile; fileRef = 1F0308641E2AF2510097D223 /* WCNotExpr.cpp */; };
		1F0308A51E2AF2510097D223 /* WCPostfixExpr.cpp in Sources */ = {isa = PBXBuildFile; fileRef = 1F0308661E2AF2510097D223 /* WCPostfixExpr.cpp */; };
		1F0308A61E2AF2510097D223 /* WCPrimaryExpr.cpp in Sources */ = {isa = PBXBuildFile; fileRef = 1F0308681E2AF2510097D223 /* WCPrimaryExpr.cpp */; };
		1F0308A71E2AF2510097D223 /* WCPrimitiveType.cpp in Sources */ = {isa = PBXBuildFile; fileRef = 1F03086A1E2AF2510097D223 /* WCPrimitiveType.cpp */; };
		1F0308A81E2AF2510097D223 /* WCPrintStmnt.cpp in Sources */ = {isa = PBXBuildFile; fileRef = 1F03086C1E2AF2510097D223 /* WCPrintStmnt.cpp */; };
		1F0308A91E2AF2510097D223 /* WCRandExpr.cpp in Sources */ = {isa = PBXBuildFile; fileRef = 1F03086E1E2AF2510097D223 /* WCRandExpr.cpp */; };
		1F0308AA1E2AF2510097D223 /* WCReadnumExpr.cpp in Sources */ = {isa = PBXBuildFile; fileRef = 1F0308701E2AF2510097D223 /* WCReadnumExpr.cpp */; };
		1F0308AB1E2AF2510097D223 /* WCReturnStmnt.cpp in Sources */ = {isa = PBXBuildFile; fileRef = 1F0308721E2AF2510097D223 /* WCReturnStmnt.cpp */; };
		1F0308AC1E2AF2510097D223 /* WCScope.cpp in Sources */ = {isa = PBXBuildFile; fileRef = 1F0308741E2AF2510097D223 /* WCScope.cpp */; };
		1F0308AD1E2AF2510097D223 /* WCScopeStmnt.cpp in Sources */ = {isa = PBXBuildFile; fileRef = 1F0308761E2AF2510097D223 /* WCScopeStmnt.cpp */; };
		1F0308AE1E2AF2510097D223 /* WCShiftExpr.cpp in Sources */ = {isa = PBXBuildFile; fileRef = 1F0308781E2AF2510097D223 /* WCShiftExpr.cpp */; };
		1F0308AF1E2AF2510097D223 /* WCStmnt.cpp in Sources */ = {isa = PBXBuildFile; fileRef = 1F03087A1E2AF2510097D223 /* WCStmnt.cpp */; };
		1F0308B01E2AF2510097D223 /* WCStrLit.cpp in Sources */ = {isa = PBXBuildFile; fileRef = 1F03087C1E2AF2510097D223 /* WCStrLit.cpp */; };
		1F0308B11E2AF2510097D223 /* WCTernaryExpr.cpp in Sources */ = {isa = PBXBuildFile; fileRef = 1F03087E1E2AF2510097D223 /* WCTernaryExpr.cpp */; };
		1F0308B21E2AF2510097D223 /* WCTimeExpr.cpp in Sources */ = {isa = PBXBuildFile; fileRef = 1F0308801E2AF2510097D223 /* WCTimeExpr.cpp */; };
		1F0308B31E2AF2510097D223 /* WCType.cpp in Sources */ = {isa = PBXBuildFile; fileRef = 1F0308821E2AF2510097D223 /* WCType.cpp */; };
		1F0308B41E2AF2510097D223 /* WCUnaryExpr.cpp in Sources */ = {isa = PBXBuildFile; fileRef = 1F0308841E2AF2510097D223 /* WCUnaryExpr.cpp */; };
		1F0308B51E2AF2510097D223 /* WCVarDecl.cpp in Sources */ = {isa = PBXBuildFile; fileRef = 1F0308861E2AF2510097D223 /* WCVarDecl.cpp */; };
		1F0308B61E2AF2510097D223 /* WCWhileStmnt.cpp in Sources */ = {isa = PBXBuildFile; fileRef = 1F0308881E2AF2510097D223 /* WCWhileStmnt.cpp */; };
		1F54B4B21D02A4DB0016BF70 /* WCStrDataType.cpp in Sources */ = {isa = PBXBuildFile; fileRef = 1F54B4B01D02A4DB0016BF70 /* WCStrDataType.cpp */; };
		1F59D4DF1CE45F1100B095AC /* WCCharUtils.cpp in Sources */ = {isa = PBXBuildFile; fileRef = 1F59D4DE1CE45F1100B095AC /* WCCharUtils.cpp */; };
		1F5B59241E2D5FEF00609CDD /* WCParseCtx.cpp in Sources */ = {isa = PBXBuildFile; fileRef = 1F5B59231E2D5FEF00609CDD /* WCParseCtx.cpp */; };
		1F5B592A1E2D773000609CDD /* CodegenCtx.cpp in Sources */ = {isa = PBXBuildFile; fileRef = 1F5B59281E2D773000609CDD /* CodegenCtx.cpp */; };
		1F5B592F1E2DF76300609CDD /* Module.cpp in Sources */ = {isa = PBXBuildFile; fileRef = 1F5B592D1E2DF76300609CDD /* Module.cpp */; };
		1F5FB1271D4B119D002C8F15 /* WCArrayDataType.cpp in Sources */ = {isa = PBXBuildFile; fileRef = 1F5FB1251D4B119D002C8F15 /* WCArrayDataType.cpp */; };
		1F72313C1DD0762D00D9E50D /* WCDebugBreak.cpp in Sources */ = {isa = PBXBuildFile; fileRef = 1F72313B1DD0762D00D9E50D /* WCDebugBreak.cpp */; };
		1F7E6C501E2F5F0E00719A99 /* Codegen.cpp in Sources */ = {isa = PBXBuildFile; fileRef = 1F7E6C4F1E2F5F0E00719A99 /* Codegen.cpp */; };
		1F843D1D1CE9474E0065FB7A /* WCLexer.cpp in Sources */ = {isa = PBXBuildFile; fileRef = 1F843D1A1CE9474E0065FB7A /* WCLexer.cpp */; };
		1F8BEB331CE5A02700A78DDE /* WCLogger.cpp in Sources */ = {isa = PBXBuildFile; fileRef = 1F8BEB311CE5A02700A78DDE /* WCLogger.cpp */; };
		1FA292611D000FF600B0F975 /* WCLinearAlloc.cpp in Sources */ = {isa = PBXBuildFile; fileRef = 1FA292601D000FF600B0F975 /* WCLinearAlloc.cpp */; };
		1FB40C671E0AFE4000D34587 /* WCGenericIntDataType.cpp in Sources */ = {isa = PBXBuildFile; fileRef = 1FB40C651E0AFE4000D34587 /* WCGenericIntDataType.cpp */; };
		1FB40C6A1E0B3E5200D34587 /* WCGenericSignedIntDataType.cpp in Sources */ = {isa = PBXBuildFile; fileRef = 1FB40C681E0B3E5200D34587 /* WCGenericSignedIntDataType.cpp */; };
		1FCD4DF41D0136360076E358 /* WCDataType.cpp in Sources */ = {isa = PBXBuildFile; fileRef = 1FCD4DF21D0136360076E358 /* WCDataType.cpp */; };
		1FCD4DF71D0157C50076E358 /* WCPrimitiveDataTypes.cpp in Sources */ = {isa = PBXBuildFile; fileRef = 1FCD4DF51D0157C50076E358 /* WCPrimitiveDataTypes.cpp */; };
		1FCD4E081D0160DB0076E358 /* WCBoolDataType.cpp in Sources */ = {isa = PBXBuildFile; fileRef = 1FCD4E021D0160DB0076E358 /* WCBoolDataType.cpp */; };
		1FCD4E091D0160DB0076E358 /* WCUnknownDataType.cpp in Sources */ = {isa = PBXBuildFile; fileRef = 1FCD4E041D0160DB0076E358 /* WCUnknownDataType.cpp */; };
		1FCD4E0A1D0160DB0076E358 /* WCVoidDataType.cpp in Sources */ = {isa = PBXBuildFile; fileRef = 1FCD4E061D0160DB0076E358 /* WCVoidDataType.cpp */; };
		1FCD4E0D1D0161A60076E358 /* WCInt64DataType.cpp in Sources */ = {isa = PBXBuildFile; fileRef = 1FCD4E0B1D0161A60076E358 /* WCInt64DataType.cpp */; };
		1FFD48891CDC5C8A0084D66C /* WCFileUtils.cpp in Sources */ = {isa = PBXBuildFile; fileRef = 1FFD48871CDC5C8A0084D66C /* WCFileUtils.cpp */; };
		1FFD488D1CDC6A7F0084D66C /* WCStringUtils.cpp in Sources */ = {isa = PBXBuildFile; fileRef = 1FFD488B1CDC6A7F0084D66C /* WCStringUtils.cpp */; };
		1FFD98A91CD9B3AD00398CA6 /* main.cpp in Sources */ = {isa = PBXBuildFile; fileRef = 1FFD98A81CD9B3AD00398CA6 /* main.cpp */; };
		1FFD98B31CD9D48A00398CA6 /* libpthread.tbd in Frameworks */ = {isa = PBXBuildFile; fileRef = 1FFD98B21CD9D48A00398CA6 /* libpthread.tbd */; };
		1FFD98B51CD9D49500398CA6 /* libcurses.tbd in Frameworks */ = {isa = PBXBuildFile; fileRef = 1FFD98B41CD9D49500398CA6 /* libcurses.tbd */; };
/* End PBXBuildFile section */

/* Begin PBXContainerItemProxy section */
		1F7D8AFF1DFD6596002FB442 /* PBXContainerItemProxy */ = {
			isa = PBXContainerItemProxy;
			containerPortal = 1FFD98951CD9B34900398CA6 /* Project object */;
			proxyType = 1;
			remoteGlobalIDString = 1FFD989C1CD9B34900398CA6;
			remoteInfo = wolfc;
		};
		1FFD98BC1CD9EC1800398CA6 /* PBXContainerItemProxy */ = {
			isa = PBXContainerItemProxy;
			containerPortal = 1FFD98951CD9B34900398CA6 /* Project object */;
			proxyType = 1;
			remoteGlobalIDString = 1FFD989C1CD9B34900398CA6;
			remoteInfo = wolfc;
		};
/* End PBXContainerItemProxy section */

/* Begin PBXCopyFilesBuildPhase section */
		1FFD989B1CD9B34900398CA6 /* CopyFiles */ = {
			isa = PBXCopyFilesBuildPhase;
			buildActionMask = 2147483647;
			dstPath = /usr/share/man/man1/;
			dstSubfolderSpec = 0;
			files = (
			);
			runOnlyForDeploymentPostprocessing = 1;
		};
/* End PBXCopyFilesBuildPhase section */

/* Begin PBXFileReference section */
		1F02E3F11D11115D00E8892C /* WCDataValue.hpp */ = {isa = PBXFileReference; lastKnownFileType = sourcecode.cpp.h; path = WCDataValue.hpp; sourceTree = "<group>"; };
		1F03082C1E2AF2510097D223 /* WCAddExpr.cpp */ = {isa = PBXFileReference; fileEncoding = 4; lastKnownFileType = sourcecode.cpp.cpp; path = WCAddExpr.cpp; sourceTree = "<group>"; };
		1F03082D1E2AF2510097D223 /* WCAddExpr.hpp */ = {isa = PBXFileReference; fileEncoding = 4; lastKnownFileType = sourcecode.cpp.h; path = WCAddExpr.hpp; sourceTree = "<group>"; };
		1F03082E1E2AF2510097D223 /* WCArrayLit.cpp */ = {isa = PBXFileReference; fileEncoding = 4; lastKnownFileType = sourcecode.cpp.cpp; path = WCArrayLit.cpp; sourceTree = "<group>"; };
		1F03082F1E2AF2510097D223 /* WCArrayLit.hpp */ = {isa = PBXFileReference; fileEncoding = 4; lastKnownFileType = sourcecode.cpp.h; path = WCArrayLit.hpp; sourceTree = "<group>"; };
		1F0308301E2AF2510097D223 /* WCArrayLitExprs.cpp */ = {isa = PBXFileReference; fileEncoding = 4; lastKnownFileType = sourcecode.cpp.cpp; path = WCArrayLitExprs.cpp; sourceTree = "<group>"; };
		1F0308311E2AF2510097D223 /* WCArrayLitExprs.hpp */ = {isa = PBXFileReference; fileEncoding = 4; lastKnownFileType = sourcecode.cpp.h; path = WCArrayLitExprs.hpp; sourceTree = "<group>"; };
		1F0308321E2AF2510097D223 /* WCAssertStmnt.cpp */ = {isa = PBXFileReference; fileEncoding = 4; lastKnownFileType = sourcecode.cpp.cpp; path = WCAssertStmnt.cpp; sourceTree = "<group>"; };
		1F0308331E2AF2510097D223 /* WCAssertStmnt.hpp */ = {isa = PBXFileReference; fileEncoding = 4; lastKnownFileType = sourcecode.cpp.h; path = WCAssertStmnt.hpp; sourceTree = "<group>"; };
		1F0308341E2AF2510097D223 /* WCAssignExpr.cpp */ = {isa = PBXFileReference; fileEncoding = 4; lastKnownFileType = sourcecode.cpp.cpp; path = WCAssignExpr.cpp; sourceTree = "<group>"; };
		1F0308351E2AF2510097D223 /* WCAssignExpr.hpp */ = {isa = PBXFileReference; fileEncoding = 4; lastKnownFileType = sourcecode.cpp.h; path = WCAssignExpr.hpp; sourceTree = "<group>"; };
		1F0308361E2AF2510097D223 /* WCASTNode.cpp */ = {isa = PBXFileReference; fileEncoding = 4; lastKnownFileType = sourcecode.cpp.cpp; path = WCASTNode.cpp; sourceTree = "<group>"; };
		1F0308371E2AF2510097D223 /* WCASTNode.hpp */ = {isa = PBXFileReference; fileEncoding = 4; lastKnownFileType = sourcecode.cpp.h; path = WCASTNode.hpp; sourceTree = "<group>"; };
		1F0308381E2AF2510097D223 /* WCBoolLit.cpp */ = {isa = PBXFileReference; fileEncoding = 4; lastKnownFileType = sourcecode.cpp.cpp; path = WCBoolLit.cpp; sourceTree = "<group>"; };
		1F0308391E2AF2510097D223 /* WCBoolLit.hpp */ = {isa = PBXFileReference; fileEncoding = 4; lastKnownFileType = sourcecode.cpp.h; path = WCBoolLit.hpp; sourceTree = "<group>"; };
		1F03083A1E2AF2510097D223 /* WCBreakStmnt.cpp */ = {isa = PBXFileReference; fileEncoding = 4; lastKnownFileType = sourcecode.cpp.cpp; path = WCBreakStmnt.cpp; sourceTree = "<group>"; };
		1F03083B1E2AF2510097D223 /* WCBreakStmnt.hpp */ = {isa = PBXFileReference; fileEncoding = 4; lastKnownFileType = sourcecode.cpp.h; path = WCBreakStmnt.hpp; sourceTree = "<group>"; };
		1F03083C1E2AF2510097D223 /* WCCastExpr.cpp */ = {isa = PBXFileReference; fileEncoding = 4; lastKnownFileType = sourcecode.cpp.cpp; path = WCCastExpr.cpp; sourceTree = "<group>"; };
		1F03083D1E2AF2510097D223 /* WCCastExpr.hpp */ = {isa = PBXFileReference; fileEncoding = 4; lastKnownFileType = sourcecode.cpp.h; path = WCCastExpr.hpp; sourceTree = "<group>"; };
		1F03083E1E2AF2510097D223 /* WCCmpExpr.cpp */ = {isa = PBXFileReference; fileEncoding = 4; lastKnownFileType = sourcecode.cpp.cpp; path = WCCmpExpr.cpp; sourceTree = "<group>"; };
		1F03083F1E2AF2510097D223 /* WCCmpExpr.hpp */ = {isa = PBXFileReference; fileEncoding = 4; lastKnownFileType = sourcecode.cpp.h; path = WCCmpExpr.hpp; sourceTree = "<group>"; };
		1F0308401E2AF2510097D223 /* WCDeclDef.cpp */ = {isa = PBXFileReference; fileEncoding = 4; lastKnownFileType = sourcecode.cpp.cpp; path = WCDeclDef.cpp; sourceTree = "<group>"; };
		1F0308411E2AF2510097D223 /* WCDeclDef.hpp */ = {isa = PBXFileReference; fileEncoding = 4; lastKnownFileType = sourcecode.cpp.h; path = WCDeclDef.hpp; sourceTree = "<group>"; };
		1F0308421E2AF2510097D223 /* WCFunc.cpp */ = {isa = PBXFileReference; fileEncoding = 4; lastKnownFileType = sourcecode.cpp.cpp; path = WCFunc.cpp; sourceTree = "<group>"; };
		1F0308431E2AF2510097D223 /* WCFunc.hpp */ = {isa = PBXFileReference; fileEncoding = 4; lastKnownFileType = sourcecode.cpp.h; path = WCFunc.hpp; sourceTree = "<group>"; };
		1F0308441E2AF2510097D223 /* WCFuncArg.cpp */ = {isa = PBXFileReference; fileEncoding = 4; lastKnownFileType = sourcecode.cpp.cpp; path = WCFuncArg.cpp; sourceTree = "<group>"; };
		1F0308451E2AF2510097D223 /* WCFuncArg.hpp */ = {isa = PBXFileReference; fileEncoding = 4; lastKnownFileType = sourcecode.cpp.h; path = WCFuncArg.hpp; sourceTree = "<group>"; };
		1F0308461E2AF2510097D223 /* WCFuncArgList.cpp */ = {isa = PBXFileReference; fileEncoding = 4; lastKnownFileType = sourcecode.cpp.cpp; path = WCFuncArgList.cpp; sourceTree = "<group>"; };
		1F0308471E2AF2510097D223 /* WCFuncArgList.hpp */ = {isa = PBXFileReference; fileEncoding = 4; lastKnownFileType = sourcecode.cpp.h; path = WCFuncArgList.hpp; sourceTree = "<group>"; };
		1F0308481E2AF2510097D223 /* WCFuncCall.cpp */ = {isa = PBXFileReference; fileEncoding = 4; lastKnownFileType = sourcecode.cpp.cpp; path = WCFuncCall.cpp; sourceTree = "<group>"; };
		1F0308491E2AF2510097D223 /* WCFuncCall.hpp */ = {isa = PBXFileReference; fileEncoding = 4; lastKnownFileType = sourcecode.cpp.h; path = WCFuncCall.hpp; sourceTree = "<group>"; };
		1F03084A1E2AF2510097D223 /* WCFuncCallArgList.cpp */ = {isa = PBXFileReference; fileEncoding = 4; lastKnownFileType = sourcecode.cpp.cpp; path = WCFuncCallArgList.cpp; sourceTree = "<group>"; };
		1F03084B1E2AF2510097D223 /* WCFuncCallArgList.hpp */ = {isa = PBXFileReference; fileEncoding = 4; lastKnownFileType = sourcecode.cpp.h; path = WCFuncCallArgList.hpp; sourceTree = "<group>"; };
		1F03084C1E2AF2510097D223 /* WCIBasicCodegenNode.hpp */ = {isa = PBXFileReference; fileEncoding = 4; lastKnownFileType = sourcecode.cpp.h; path = WCIBasicCodegenNode.hpp; sourceTree = "<group>"; };
		1F03084D1E2AF2510097D223 /* WCIdentifier.cpp */ = {isa = PBXFileReference; fileEncoding = 4; lastKnownFileType = sourcecode.cpp.cpp; path = WCIdentifier.cpp; sourceTree = "<group>"; };
		1F03084E1E2AF2510097D223 /* WCIdentifier.hpp */ = {isa = PBXFileReference; fileEncoding = 4; lastKnownFileType = sourcecode.cpp.h; path = WCIdentifier.hpp; sourceTree = "<group>"; };
		1F03084F1E2AF2510097D223 /* WCIExpr.hpp */ = {isa = PBXFileReference; fileEncoding = 4; lastKnownFileType = sourcecode.cpp.h; path = WCIExpr.hpp; sourceTree = "<group>"; };
		1F0308501E2AF2510097D223 /* WCIfStmnt.cpp */ = {isa = PBXFileReference; fileEncoding = 4; lastKnownFileType = sourcecode.cpp.cpp; path = WCIfStmnt.cpp; sourceTree = "<group>"; };
		1F0308511E2AF2510097D223 /* WCIfStmnt.hpp */ = {isa = PBXFileReference; fileEncoding = 4; lastKnownFileType = sourcecode.cpp.h; path = WCIfStmnt.hpp; sourceTree = "<group>"; };
		1F0308521E2AF2510097D223 /* WCIntLit.cpp */ = {isa = PBXFileReference; fileEncoding = 4; lastKnownFileType = sourcecode.cpp.cpp; path = WCIntLit.cpp; sourceTree = "<group>"; };
		1F0308531E2AF2510097D223 /* WCIntLit.hpp */ = {isa = PBXFileReference; fileEncoding = 4; lastKnownFileType = sourcecode.cpp.h; path = WCIntLit.hpp; sourceTree = "<group>"; };
		1F0308541E2AF2510097D223 /* WCIRepeatableStmnt.hpp */ = {isa = PBXFileReference; fileEncoding = 4; lastKnownFileType = sourcecode.cpp.h; path = WCIRepeatableStmnt.hpp; sourceTree = "<group>"; };
		1F0308551E2AF2510097D223 /* WCIStmnt.hpp */ = {isa = PBXFileReference; fileEncoding = 4; lastKnownFileType = sourcecode.cpp.h; path = WCIStmnt.hpp; sourceTree = "<group>"; };
		1F0308561E2AF2510097D223 /* WCLAndExpr.cpp */ = {isa = PBXFileReference; fileEncoding = 4; lastKnownFileType = sourcecode.cpp.cpp; path = WCLAndExpr.cpp; sourceTree = "<group>"; };
		1F0308571E2AF2510097D223 /* WCLAndExpr.hpp */ = {isa = PBXFileReference; fileEncoding = 4; lastKnownFileType = sourcecode.cpp.h; path = WCLAndExpr.hpp; sourceTree = "<group>"; };
		1F0308581E2AF2510097D223 /* WCLoopStmnt.cpp */ = {isa = PBXFileReference; fileEncoding = 4; lastKnownFileType = sourcecode.cpp.cpp; path = WCLoopStmnt.cpp; sourceTree = "<group>"; };
		1F0308591E2AF2510097D223 /* WCLoopStmnt.hpp */ = {isa = PBXFileReference; fileEncoding = 4; lastKnownFileType = sourcecode.cpp.h; path = WCLoopStmnt.hpp; sourceTree = "<group>"; };
		1F03085A1E2AF2510097D223 /* WCLOrExpr.cpp */ = {isa = PBXFileReference; fileEncoding = 4; lastKnownFileType = sourcecode.cpp.cpp; path = WCLOrExpr.cpp; sourceTree = "<group>"; };
		1F03085B1E2AF2510097D223 /* WCLOrExpr.hpp */ = {isa = PBXFileReference; fileEncoding = 4; lastKnownFileType = sourcecode.cpp.h; path = WCLOrExpr.hpp; sourceTree = "<group>"; };
		1F03085C1E2AF2510097D223 /* WCModule.cpp */ = {isa = PBXFileReference; fileEncoding = 4; lastKnownFileType = sourcecode.cpp.cpp; path = WCModule.cpp; sourceTree = "<group>"; };
		1F03085D1E2AF2510097D223 /* WCModule.hpp */ = {isa = PBXFileReference; fileEncoding = 4; lastKnownFileType = sourcecode.cpp.h; path = WCModule.hpp; sourceTree = "<group>"; };
		1F03085E1E2AF2510097D223 /* WCMulExpr.cpp */ = {isa = PBXFileReference; fileEncoding = 4; lastKnownFileType = sourcecode.cpp.cpp; path = WCMulExpr.cpp; sourceTree = "<group>"; };
		1F03085F1E2AF2510097D223 /* WCMulExpr.hpp */ = {isa = PBXFileReference; fileEncoding = 4; lastKnownFileType = sourcecode.cpp.h; path = WCMulExpr.hpp; sourceTree = "<group>"; };
		1F0308601E2AF2510097D223 /* WCNextStmnt.cpp */ = {isa = PBXFileReference; fileEncoding = 4; lastKnownFileType = sourcecode.cpp.cpp; path = WCNextStmnt.cpp; sourceTree = "<group>"; };
		1F0308611E2AF2510097D223 /* WCNextStmnt.hpp */ = {isa = PBXFileReference; fileEncoding = 4; lastKnownFileType = sourcecode.cpp.h; path = WCNextStmnt.hpp; sourceTree = "<group>"; };
		1F0308621E2AF2510097D223 /* WCNoOpStmnt.cpp */ = {isa = PBXFileReference; fileEncoding = 4; lastKnownFileType = sourcecode.cpp.cpp; path = WCNoOpStmnt.cpp; sourceTree = "<group>"; };
		1F0308631E2AF2510097D223 /* WCNoOpStmnt.hpp */ = {isa = PBXFileReference; fileEncoding = 4; lastKnownFileType = sourcecode.cpp.h; path = WCNoOpStmnt.hpp; sourceTree = "<group>"; };
		1F0308641E2AF2510097D223 /* WCNotExpr.cpp */ = {isa = PBXFileReference; fileEncoding = 4; lastKnownFileType = sourcecode.cpp.cpp; path = WCNotExpr.cpp; sourceTree = "<group>"; };
		1F0308651E2AF2510097D223 /* WCNotExpr.hpp */ = {isa = PBXFileReference; fileEncoding = 4; lastKnownFileType = sourcecode.cpp.h; path = WCNotExpr.hpp; sourceTree = "<group>"; };
		1F0308661E2AF2510097D223 /* WCPostfixExpr.cpp */ = {isa = PBXFileReference; fileEncoding = 4; lastKnownFileType = sourcecode.cpp.cpp; path = WCPostfixExpr.cpp; sourceTree = "<group>"; };
		1F0308671E2AF2510097D223 /* WCPostfixExpr.hpp */ = {isa = PBXFileReference; fileEncoding = 4; lastKnownFileType = sourcecode.cpp.h; path = WCPostfixExpr.hpp; sourceTree = "<group>"; };
		1F0308681E2AF2510097D223 /* WCPrimaryExpr.cpp */ = {isa = PBXFileReference; fileEncoding = 4; lastKnownFileType = sourcecode.cpp.cpp; path = WCPrimaryExpr.cpp; sourceTree = "<group>"; };
		1F0308691E2AF2510097D223 /* WCPrimaryExpr.hpp */ = {isa = PBXFileReference; fileEncoding = 4; lastKnownFileType = sourcecode.cpp.h; path = WCPrimaryExpr.hpp; sourceTree = "<group>"; };
		1F03086A1E2AF2510097D223 /* WCPrimitiveType.cpp */ = {isa = PBXFileReference; fileEncoding = 4; lastKnownFileType = sourcecode.cpp.cpp; path = WCPrimitiveType.cpp; sourceTree = "<group>"; };
		1F03086B1E2AF2510097D223 /* WCPrimitiveType.hpp */ = {isa = PBXFileReference; fileEncoding = 4; lastKnownFileType = sourcecode.cpp.h; path = WCPrimitiveType.hpp; sourceTree = "<group>"; };
		1F03086C1E2AF2510097D223 /* WCPrintStmnt.cpp */ = {isa = PBXFileReference; fileEncoding = 4; lastKnownFileType = sourcecode.cpp.cpp; path = WCPrintStmnt.cpp; sourceTree = "<group>"; };
		1F03086D1E2AF2510097D223 /* WCPrintStmnt.hpp */ = {isa = PBXFileReference; fileEncoding = 4; lastKnownFileType = sourcecode.cpp.h; path = WCPrintStmnt.hpp; sourceTree = "<group>"; };
		1F03086E1E2AF2510097D223 /* WCRandExpr.cpp */ = {isa = PBXFileReference; fileEncoding = 4; lastKnownFileType = sourcecode.cpp.cpp; path = WCRandExpr.cpp; sourceTree = "<group>"; };
		1F03086F1E2AF2510097D223 /* WCRandExpr.hpp */ = {isa = PBXFileReference; fileEncoding = 4; lastKnownFileType = sourcecode.cpp.h; path = WCRandExpr.hpp; sourceTree = "<group>"; };
		1F0308701E2AF2510097D223 /* WCReadnumExpr.cpp */ = {isa = PBXFileReference; fileEncoding = 4; lastKnownFileType = sourcecode.cpp.cpp; path = WCReadnumExpr.cpp; sourceTree = "<group>"; };
		1F0308711E2AF2510097D223 /* WCReadnumExpr.hpp */ = {isa = PBXFileReference; fileEncoding = 4; lastKnownFileType = sourcecode.cpp.h; path = WCReadnumExpr.hpp; sourceTree = "<group>"; };
		1F0308721E2AF2510097D223 /* WCReturnStmnt.cpp */ = {isa = PBXFileReference; fileEncoding = 4; lastKnownFileType = sourcecode.cpp.cpp; path = WCReturnStmnt.cpp; sourceTree = "<group>"; };
		1F0308731E2AF2510097D223 /* WCReturnStmnt.hpp */ = {isa = PBXFileReference; fileEncoding = 4; lastKnownFileType = sourcecode.cpp.h; path = WCReturnStmnt.hpp; sourceTree = "<group>"; };
		1F0308741E2AF2510097D223 /* WCScope.cpp */ = {isa = PBXFileReference; fileEncoding = 4; lastKnownFileType = sourcecode.cpp.cpp; path = WCScope.cpp; sourceTree = "<group>"; };
		1F0308751E2AF2510097D223 /* WCScope.hpp */ = {isa = PBXFileReference; fileEncoding = 4; lastKnownFileType = sourcecode.cpp.h; path = WCScope.hpp; sourceTree = "<group>"; };
		1F0308761E2AF2510097D223 /* WCScopeStmnt.cpp */ = {isa = PBXFileReference; fileEncoding = 4; lastKnownFileType = sourcecode.cpp.cpp; path = WCScopeStmnt.cpp; sourceTree = "<group>"; };
		1F0308771E2AF2510097D223 /* WCScopeStmnt.hpp */ = {isa = PBXFileReference; fileEncoding = 4; lastKnownFileType = sourcecode.cpp.h; path = WCScopeStmnt.hpp; sourceTree = "<group>"; };
		1F0308781E2AF2510097D223 /* WCShiftExpr.cpp */ = {isa = PBXFileReference; fileEncoding = 4; lastKnownFileType = sourcecode.cpp.cpp; path = WCShiftExpr.cpp; sourceTree = "<group>"; };
		1F0308791E2AF2510097D223 /* WCShiftExpr.hpp */ = {isa = PBXFileReference; fileEncoding = 4; lastKnownFileType = sourcecode.cpp.h; path = WCShiftExpr.hpp; sourceTree = "<group>"; };
		1F03087A1E2AF2510097D223 /* WCStmnt.cpp */ = {isa = PBXFileReference; fileEncoding = 4; lastKnownFileType = sourcecode.cpp.cpp; path = WCStmnt.cpp; sourceTree = "<group>"; };
		1F03087B1E2AF2510097D223 /* WCStmnt.hpp */ = {isa = PBXFileReference; fileEncoding = 4; lastKnownFileType = sourcecode.cpp.h; path = WCStmnt.hpp; sourceTree = "<group>"; };
		1F03087C1E2AF2510097D223 /* WCStrLit.cpp */ = {isa = PBXFileReference; fileEncoding = 4; lastKnownFileType = sourcecode.cpp.cpp; path = WCStrLit.cpp; sourceTree = "<group>"; };
		1F03087D1E2AF2510097D223 /* WCStrLit.hpp */ = {isa = PBXFileReference; fileEncoding = 4; lastKnownFileType = sourcecode.cpp.h; path = WCStrLit.hpp; sourceTree = "<group>"; };
		1F03087E1E2AF2510097D223 /* WCTernaryExpr.cpp */ = {isa = PBXFileReference; fileEncoding = 4; lastKnownFileType = sourcecode.cpp.cpp; path = WCTernaryExpr.cpp; sourceTree = "<group>"; };
		1F03087F1E2AF2510097D223 /* WCTernaryExpr.hpp */ = {isa = PBXFileReference; fileEncoding = 4; lastKnownFileType = sourcecode.cpp.h; path = WCTernaryExpr.hpp; sourceTree = "<group>"; };
		1F0308801E2AF2510097D223 /* WCTimeExpr.cpp */ = {isa = PBXFileReference; fileEncoding = 4; lastKnownFileType = sourcecode.cpp.cpp; path = WCTimeExpr.cpp; sourceTree = "<group>"; };
		1F0308811E2AF2510097D223 /* WCTimeExpr.hpp */ = {isa = PBXFileReference; fileEncoding = 4; lastKnownFileType = sourcecode.cpp.h; path = WCTimeExpr.hpp; sourceTree = "<group>"; };
		1F0308821E2AF2510097D223 /* WCType.cpp */ = {isa = PBXFileReference; fileEncoding = 4; lastKnownFileType = sourcecode.cpp.cpp; path = WCType.cpp; sourceTree = "<group>"; };
		1F0308831E2AF2510097D223 /* WCType.hpp */ = {isa = PBXFileReference; fileEncoding = 4; lastKnownFileType = sourcecode.cpp.h; path = WCType.hpp; sourceTree = "<group>"; };
		1F0308841E2AF2510097D223 /* WCUnaryExpr.cpp */ = {isa = PBXFileReference; fileEncoding = 4; lastKnownFileType = sourcecode.cpp.cpp; path = WCUnaryExpr.cpp; sourceTree = "<group>"; };
		1F0308851E2AF2510097D223 /* WCUnaryExpr.hpp */ = {isa = PBXFileReference; fileEncoding = 4; lastKnownFileType = sourcecode.cpp.h; path = WCUnaryExpr.hpp; sourceTree = "<group>"; };
		1F0308861E2AF2510097D223 /* WCVarDecl.cpp */ = {isa = PBXFileReference; fileEncoding = 4; lastKnownFileType = sourcecode.cpp.cpp; path = WCVarDecl.cpp; sourceTree = "<group>"; };
		1F0308871E2AF2510097D223 /* WCVarDecl.hpp */ = {isa = PBXFileReference; fileEncoding = 4; lastKnownFileType = sourcecode.cpp.h; path = WCVarDecl.hpp; sourceTree = "<group>"; };
		1F0308881E2AF2510097D223 /* WCWhileStmnt.cpp */ = {isa = PBXFileReference; fileEncoding = 4; lastKnownFileType = sourcecode.cpp.cpp; path = WCWhileStmnt.cpp; sourceTree = "<group>"; };
		1F0308891E2AF2510097D223 /* WCWhileStmnt.hpp */ = {isa = PBXFileReference; fileEncoding = 4; lastKnownFileType = sourcecode.cpp.h; path = WCWhileStmnt.hpp; sourceTree = "<group>"; };
		1F0308B71E2AF3DA0097D223 /* WCParseCtx.hpp */ = {isa = PBXFileReference; fileEncoding = 4; lastKnownFileType = sourcecode.cpp.h; path = WCParseCtx.hpp; sourceTree = "<group>"; };
		1F1E99081DDC47B800FFB94C /* WCLazyInit.hpp */ = {isa = PBXFileReference; fileEncoding = 4; lastKnownFileType = sourcecode.cpp.h; path = WCLazyInit.hpp; sourceTree = "<group>"; };
		1F231DAD1CE165AD0085E1C6 /* docs */ = {isa = PBXFileReference; lastKnownFileType = folder; name = docs; path = ../../docs; sourceTree = "<group>"; };
		1F3D5F8A1E020CB000A413B7 /* WCDataTypeId.hpp */ = {isa = PBXFileReference; fileEncoding = 4; lastKnownFileType = sourcecode.cpp.h; path = WCDataTypeId.hpp; sourceTree = "<group>"; };
		1F54B4B01D02A4DB0016BF70 /* WCStrDataType.cpp */ = {isa = PBXFileReference; fileEncoding = 4; lastKnownFileType = sourcecode.cpp.cpp; path = WCStrDataType.cpp; sourceTree = "<group>"; };
		1F54B4B11D02A4DB0016BF70 /* WCStrDataType.hpp */ = {isa = PBXFileReference; fileEncoding = 4; lastKnownFileType = sourcecode.cpp.h; path = WCStrDataType.hpp; sourceTree = "<group>"; };
		1F5765591E2F348B003483E3 /* WCASTNodeVisitor.hpp */ = {isa = PBXFileReference; fileEncoding = 4; lastKnownFileType = sourcecode.cpp.h; path = WCASTNodeVisitor.hpp; sourceTree = "<group>"; };
		1F59D4DE1CE45F1100B095AC /* WCCharUtils.cpp */ = {isa = PBXFileReference; fileEncoding = 4; lastKnownFileType = sourcecode.cpp.cpp; path = WCCharUtils.cpp; sourceTree = "<group>"; };
		1F5B59231E2D5FEF00609CDD /* WCParseCtx.cpp */ = {isa = PBXFileReference; fileEncoding = 4; lastKnownFileType = sourcecode.cpp.cpp; path = WCParseCtx.cpp; sourceTree = "<group>"; };
		1F5B59281E2D773000609CDD /* CodegenCtx.cpp */ = {isa = PBXFileReference; fileEncoding = 4; lastKnownFileType = sourcecode.cpp.cpp; path = CodegenCtx.cpp; sourceTree = "<group>"; };
		1F5B59291E2D773000609CDD /* CodegenCtx.hpp */ = {isa = PBXFileReference; fileEncoding = 4; lastKnownFileType = sourcecode.cpp.h; path = CodegenCtx.hpp; sourceTree = "<group>"; };
		1F5B592D1E2DF76300609CDD /* Module.cpp */ = {isa = PBXFileReference; fileEncoding = 4; lastKnownFileType = sourcecode.cpp.cpp; path = Module.cpp; sourceTree = "<group>"; };
		1F5B592E1E2DF76300609CDD /* Module.hpp */ = {isa = PBXFileReference; fileEncoding = 4; lastKnownFileType = sourcecode.cpp.h; path = Module.hpp; sourceTree = "<group>"; };
		1F5FB1251D4B119D002C8F15 /* WCArrayDataType.cpp */ = {isa = PBXFileReference; fileEncoding = 4; lastKnownFileType = sourcecode.cpp.cpp; path = WCArrayDataType.cpp; sourceTree = "<group>"; };
		1F5FB1261D4B119D002C8F15 /* WCArrayDataType.hpp */ = {isa = PBXFileReference; fileEncoding = 4; lastKnownFileType = sourcecode.cpp.h; path = WCArrayDataType.hpp; sourceTree = "<group>"; };
		1F65622B1D08FEF700815D7D /* misc */ = {isa = PBXFileReference; lastKnownFileType = folder; name = misc; path = ../../misc; sourceTree = "<group>"; };
		1F72313B1DD0762D00D9E50D /* WCDebugBreak.cpp */ = {isa = PBXFileReference; fileEncoding = 4; lastKnownFileType = sourcecode.cpp.cpp; path = WCDebugBreak.cpp; sourceTree = "<group>"; };
		1F72313D1DD076C800D9E50D /* WCDebugBreak.hpp */ = {isa = PBXFileReference; lastKnownFileType = sourcecode.cpp.h; path = WCDebugBreak.hpp; sourceTree = "<group>"; };
		1F7E6C4E1E2F5DA800719A99 /* Codegen.hpp */ = {isa = PBXFileReference; lastKnownFileType = sourcecode.cpp.h; path = Codegen.hpp; sourceTree = "<group>"; };
		1F7E6C4F1E2F5F0E00719A99 /* Codegen.cpp */ = {isa = PBXFileReference; fileEncoding = 4; lastKnownFileType = sourcecode.cpp.cpp; path = Codegen.cpp; sourceTree = "<group>"; };
		1F843D1A1CE9474E0065FB7A /* WCLexer.cpp */ = {isa = PBXFileReference; fileEncoding = 4; lastKnownFileType = sourcecode.cpp.cpp; path = WCLexer.cpp; sourceTree = "<group>"; };
		1F843D1B1CE9474E0065FB7A /* WCLexer.hpp */ = {isa = PBXFileReference; fileEncoding = 4; lastKnownFileType = sourcecode.cpp.h; path = WCLexer.hpp; sourceTree = "<group>"; };
		1F843D1C1CE9474E0065FB7A /* WCToken.hpp */ = {isa = PBXFileReference; fileEncoding = 4; lastKnownFileType = sourcecode.cpp.h; path = WCToken.hpp; sourceTree = "<group>"; };
		1F843D1E1CE947A80065FB7A /* WCTokenType.hpp */ = {isa = PBXFileReference; lastKnownFileType = sourcecode.cpp.h; path = WCTokenType.hpp; sourceTree = "<group>"; };
		1F843D1F1CE94D9D0065FB7A /* WCCStrComparator.hpp */ = {isa = PBXFileReference; lastKnownFileType = sourcecode.cpp.h; path = WCCStrComparator.hpp; sourceTree = "<group>"; };
		1F8BEB301CE5A02700A78DDE /* WCAssert.hpp */ = {isa = PBXFileReference; fileEncoding = 4; lastKnownFileType = sourcecode.cpp.h; path = WCAssert.hpp; sourceTree = "<group>"; };
		1F8BEB311CE5A02700A78DDE /* WCLogger.cpp */ = {isa = PBXFileReference; fileEncoding = 4; lastKnownFileType = sourcecode.cpp.cpp; path = WCLogger.cpp; sourceTree = "<group>"; };
		1F8BEB321CE5A02700A78DDE /* WCLogger.hpp */ = {isa = PBXFileReference; fileEncoding = 4; lastKnownFileType = sourcecode.cpp.h; path = WCLogger.hpp; sourceTree = "<group>"; };
		1FA2925F1D000B9C00B0F975 /* WCLinearAlloc.hpp */ = {isa = PBXFileReference; fileEncoding = 4; lastKnownFileType = sourcecode.cpp.h; path = WCLinearAlloc.hpp; sourceTree = "<group>"; };
		1FA292601D000FF600B0F975 /* WCLinearAlloc.cpp */ = {isa = PBXFileReference; fileEncoding = 4; lastKnownFileType = sourcecode.cpp.cpp; path = WCLinearAlloc.cpp; sourceTree = "<group>"; };
		1FB40C651E0AFE4000D34587 /* WCGenericIntDataType.cpp */ = {isa = PBXFileReference; fileEncoding = 4; lastKnownFileType = sourcecode.cpp.cpp; path = WCGenericIntDataType.cpp; sourceTree = "<group>"; };
		1FB40C661E0AFE4000D34587 /* WCGenericIntDataType.hpp */ = {isa = PBXFileReference; fileEncoding = 4; lastKnownFileType = sourcecode.cpp.h; path = WCGenericIntDataType.hpp; sourceTree = "<group>"; };
		1FB40C681E0B3E5200D34587 /* WCGenericSignedIntDataType.cpp */ = {isa = PBXFileReference; fileEncoding = 4; lastKnownFileType = sourcecode.cpp.cpp; path = WCGenericSignedIntDataType.cpp; sourceTree = "<group>"; };
		1FB40C691E0B3E5200D34587 /* WCGenericSignedIntDataType.hpp */ = {isa = PBXFileReference; fileEncoding = 4; lastKnownFileType = sourcecode.cpp.h; path = WCGenericSignedIntDataType.hpp; sourceTree = "<group>"; };
		1FB40C6B1E0B537800D34587 /* WCDataTypeCodegenFuncs.hpp */ = {isa = PBXFileReference; fileEncoding = 4; lastKnownFileType = sourcecode.cpp.h; path = WCDataTypeCodegenFuncs.hpp; sourceTree = "<group>"; };
		1FCD4DF21D0136360076E358 /* WCDataType.cpp */ = {isa = PBXFileReference; fileEncoding = 4; lastKnownFileType = sourcecode.cpp.cpp; path = WCDataType.cpp; sourceTree = "<group>"; };
		1FCD4DF31D0136360076E358 /* WCDataType.hpp */ = {isa = PBXFileReference; fileEncoding = 4; lastKnownFileType = sourcecode.cpp.h; path = WCDataType.hpp; sourceTree = "<group>"; };
		1FCD4DF51D0157C50076E358 /* WCPrimitiveDataTypes.cpp */ = {isa = PBXFileReference; fileEncoding = 4; lastKnownFileType = sourcecode.cpp.cpp; path = WCPrimitiveDataTypes.cpp; sourceTree = "<group>"; };
		1FCD4DF61D0157C50076E358 /* WCPrimitiveDataTypes.hpp */ = {isa = PBXFileReference; fileEncoding = 4; lastKnownFileType = sourcecode.cpp.h; path = WCPrimitiveDataTypes.hpp; sourceTree = "<group>"; };
		1FCD4E021D0160DB0076E358 /* WCBoolDataType.cpp */ = {isa = PBXFileReference; fileEncoding = 4; lastKnownFileType = sourcecode.cpp.cpp; path = WCBoolDataType.cpp; sourceTree = "<group>"; };
		1FCD4E031D0160DB0076E358 /* WCBoolDataType.hpp */ = {isa = PBXFileReference; fileEncoding = 4; lastKnownFileType = sourcecode.cpp.h; path = WCBoolDataType.hpp; sourceTree = "<group>"; };
		1FCD4E041D0160DB0076E358 /* WCUnknownDataType.cpp */ = {isa = PBXFileReference; fileEncoding = 4; lastKnownFileType = sourcecode.cpp.cpp; path = WCUnknownDataType.cpp; sourceTree = "<group>"; };
		1FCD4E051D0160DB0076E358 /* WCUnknownDataType.hpp */ = {isa = PBXFileReference; fileEncoding = 4; lastKnownFileType = sourcecode.cpp.h; path = WCUnknownDataType.hpp; sourceTree = "<group>"; };
		1FCD4E061D0160DB0076E358 /* WCVoidDataType.cpp */ = {isa = PBXFileReference; fileEncoding = 4; lastKnownFileType = sourcecode.cpp.cpp; path = WCVoidDataType.cpp; sourceTree = "<group>"; };
		1FCD4E071D0160DB0076E358 /* WCVoidDataType.hpp */ = {isa = PBXFileReference; fileEncoding = 4; lastKnownFileType = sourcecode.cpp.h; path = WCVoidDataType.hpp; sourceTree = "<group>"; };
		1FCD4E0B1D0161A60076E358 /* WCInt64DataType.cpp */ = {isa = PBXFileReference; fileEncoding = 4; lastKnownFileType = sourcecode.cpp.cpp; path = WCInt64DataType.cpp; sourceTree = "<group>"; };
		1FCD4E0C1D0161A60076E358 /* WCInt64DataType.hpp */ = {isa = PBXFileReference; fileEncoding = 4; lastKnownFileType = sourcecode.cpp.h; path = WCInt64DataType.hpp; sourceTree = "<group>"; };
		1FD455941CE30BB1005EB3C3 /* test_data */ = {isa = PBXFileReference; lastKnownFileType = folder; name = test_data; path = ../test_data; sourceTree = "<group>"; };
		1FFD48821CDC3DEA0084D66C /* WCCharUtils.hpp */ = {isa = PBXFileReference; fileEncoding = 4; lastKnownFileType = sourcecode.cpp.h; path = WCCharUtils.hpp; sourceTree = "<group>"; };
		1FFD48871CDC5C8A0084D66C /* WCFileUtils.cpp */ = {isa = PBXFileReference; fileEncoding = 4; lastKnownFileType = sourcecode.cpp.cpp; path = WCFileUtils.cpp; sourceTree = "<group>"; };
		1FFD48881CDC5C8A0084D66C /* WCFileUtils.hpp */ = {isa = PBXFileReference; fileEncoding = 4; lastKnownFileType = sourcecode.cpp.h; path = WCFileUtils.hpp; sourceTree = "<group>"; };
		1FFD488A1CDC61B00084D66C /* WCFinally.hpp */ = {isa = PBXFileReference; lastKnownFileType = sourcecode.cpp.h; path = WCFinally.hpp; sourceTree = "<group>"; };
		1FFD488B1CDC6A7F0084D66C /* WCStringUtils.cpp */ = {isa = PBXFileReference; fileEncoding = 4; lastKnownFileType = sourcecode.cpp.cpp; path = WCStringUtils.cpp; sourceTree = "<group>"; };
		1FFD488C1CDC6A7F0084D66C /* WCStringUtils.hpp */ = {isa = PBXFileReference; fileEncoding = 4; lastKnownFileType = sourcecode.cpp.h; path = WCStringUtils.hpp; sourceTree = "<group>"; };
		1FFD989D1CD9B34900398CA6 /* wolfc */ = {isa = PBXFileReference; explicitFileType = "compiled.mach-o.executable"; includeInIndex = 0; path = wolfc; sourceTree = BUILT_PRODUCTS_DIR; };
		1FFD98A81CD9B3AD00398CA6 /* main.cpp */ = {isa = PBXFileReference; fileEncoding = 4; lastKnownFileType = sourcecode.cpp.cpp; path = main.cpp; sourceTree = "<group>"; };
		1FFD98B21CD9D48A00398CA6 /* libpthread.tbd */ = {isa = PBXFileReference; lastKnownFileType = "sourcecode.text-based-dylib-definition"; name = libpthread.tbd; path = usr/lib/libpthread.tbd; sourceTree = SDKROOT; };
		1FFD98B41CD9D49500398CA6 /* libcurses.tbd */ = {isa = PBXFileReference; lastKnownFileType = "sourcecode.text-based-dylib-definition"; name = libcurses.tbd; path = usr/lib/libcurses.tbd; sourceTree = SDKROOT; };
		1FFD98B71CD9D82A00398CA6 /* WCMacros.hpp */ = {isa = PBXFileReference; lastKnownFileType = sourcecode.cpp.h; path = WCMacros.hpp; sourceTree = "<group>"; };
/* End PBXFileReference section */

/* Begin PBXFrameworksBuildPhase section */
		1FFD989A1CD9B34900398CA6 /* Frameworks */ = {
			isa = PBXFrameworksBuildPhase;
			buildActionMask = 2147483647;
			files = (
				1FFD98B51CD9D49500398CA6 /* libcurses.tbd in Frameworks */,
				1FFD98B31CD9D48A00398CA6 /* libpthread.tbd in Frameworks */,
			);
			runOnlyForDeploymentPostprocessing = 0;
		};
/* End PBXFrameworksBuildPhase section */

/* Begin PBXGroup section */
		1F03082B1E2AF2510097D223 /* Nodes */ = {
			isa = PBXGroup;
			children = (
				1F03082C1E2AF2510097D223 /* WCAddExpr.cpp */,
				1F03082D1E2AF2510097D223 /* WCAddExpr.hpp */,
				1F03082E1E2AF2510097D223 /* WCArrayLit.cpp */,
				1F03082F1E2AF2510097D223 /* WCArrayLit.hpp */,
				1F0308301E2AF2510097D223 /* WCArrayLitExprs.cpp */,
				1F0308311E2AF2510097D223 /* WCArrayLitExprs.hpp */,
				1F0308321E2AF2510097D223 /* WCAssertStmnt.cpp */,
				1F0308331E2AF2510097D223 /* WCAssertStmnt.hpp */,
				1F0308341E2AF2510097D223 /* WCAssignExpr.cpp */,
				1F0308351E2AF2510097D223 /* WCAssignExpr.hpp */,
				1F0308361E2AF2510097D223 /* WCASTNode.cpp */,
				1F0308371E2AF2510097D223 /* WCASTNode.hpp */,
				1F0308381E2AF2510097D223 /* WCBoolLit.cpp */,
				1F0308391E2AF2510097D223 /* WCBoolLit.hpp */,
				1F03083A1E2AF2510097D223 /* WCBreakStmnt.cpp */,
				1F03083B1E2AF2510097D223 /* WCBreakStmnt.hpp */,
				1F03083C1E2AF2510097D223 /* WCCastExpr.cpp */,
				1F03083D1E2AF2510097D223 /* WCCastExpr.hpp */,
				1F03083E1E2AF2510097D223 /* WCCmpExpr.cpp */,
				1F03083F1E2AF2510097D223 /* WCCmpExpr.hpp */,
				1F0308401E2AF2510097D223 /* WCDeclDef.cpp */,
				1F0308411E2AF2510097D223 /* WCDeclDef.hpp */,
				1F0308421E2AF2510097D223 /* WCFunc.cpp */,
				1F0308431E2AF2510097D223 /* WCFunc.hpp */,
				1F0308441E2AF2510097D223 /* WCFuncArg.cpp */,
				1F0308451E2AF2510097D223 /* WCFuncArg.hpp */,
				1F0308461E2AF2510097D223 /* WCFuncArgList.cpp */,
				1F0308471E2AF2510097D223 /* WCFuncArgList.hpp */,
				1F0308481E2AF2510097D223 /* WCFuncCall.cpp */,
				1F0308491E2AF2510097D223 /* WCFuncCall.hpp */,
				1F03084A1E2AF2510097D223 /* WCFuncCallArgList.cpp */,
				1F03084B1E2AF2510097D223 /* WCFuncCallArgList.hpp */,
				1F03084C1E2AF2510097D223 /* WCIBasicCodegenNode.hpp */,
				1F03084D1E2AF2510097D223 /* WCIdentifier.cpp */,
				1F03084E1E2AF2510097D223 /* WCIdentifier.hpp */,
				1F03084F1E2AF2510097D223 /* WCIExpr.hpp */,
				1F0308501E2AF2510097D223 /* WCIfStmnt.cpp */,
				1F0308511E2AF2510097D223 /* WCIfStmnt.hpp */,
				1F0308521E2AF2510097D223 /* WCIntLit.cpp */,
				1F0308531E2AF2510097D223 /* WCIntLit.hpp */,
				1F0308541E2AF2510097D223 /* WCIRepeatableStmnt.hpp */,
				1F0308551E2AF2510097D223 /* WCIStmnt.hpp */,
				1F0308561E2AF2510097D223 /* WCLAndExpr.cpp */,
				1F0308571E2AF2510097D223 /* WCLAndExpr.hpp */,
				1F0308581E2AF2510097D223 /* WCLoopStmnt.cpp */,
				1F0308591E2AF2510097D223 /* WCLoopStmnt.hpp */,
				1F03085A1E2AF2510097D223 /* WCLOrExpr.cpp */,
				1F03085B1E2AF2510097D223 /* WCLOrExpr.hpp */,
				1F03085C1E2AF2510097D223 /* WCModule.cpp */,
				1F03085D1E2AF2510097D223 /* WCModule.hpp */,
				1F03085E1E2AF2510097D223 /* WCMulExpr.cpp */,
				1F03085F1E2AF2510097D223 /* WCMulExpr.hpp */,
				1F0308601E2AF2510097D223 /* WCNextStmnt.cpp */,
				1F0308611E2AF2510097D223 /* WCNextStmnt.hpp */,
				1F0308621E2AF2510097D223 /* WCNoOpStmnt.cpp */,
				1F0308631E2AF2510097D223 /* WCNoOpStmnt.hpp */,
				1F0308641E2AF2510097D223 /* WCNotExpr.cpp */,
				1F0308651E2AF2510097D223 /* WCNotExpr.hpp */,
				1F0308661E2AF2510097D223 /* WCPostfixExpr.cpp */,
				1F0308671E2AF2510097D223 /* WCPostfixExpr.hpp */,
				1F0308681E2AF2510097D223 /* WCPrimaryExpr.cpp */,
				1F0308691E2AF2510097D223 /* WCPrimaryExpr.hpp */,
				1F03086A1E2AF2510097D223 /* WCPrimitiveType.cpp */,
				1F03086B1E2AF2510097D223 /* WCPrimitiveType.hpp */,
				1F03086C1E2AF2510097D223 /* WCPrintStmnt.cpp */,
				1F03086D1E2AF2510097D223 /* WCPrintStmnt.hpp */,
				1F03086E1E2AF2510097D223 /* WCRandExpr.cpp */,
				1F03086F1E2AF2510097D223 /* WCRandExpr.hpp */,
				1F0308701E2AF2510097D223 /* WCReadnumExpr.cpp */,
				1F0308711E2AF2510097D223 /* WCReadnumExpr.hpp */,
				1F0308721E2AF2510097D223 /* WCReturnStmnt.cpp */,
				1F0308731E2AF2510097D223 /* WCReturnStmnt.hpp */,
				1F0308741E2AF2510097D223 /* WCScope.cpp */,
				1F0308751E2AF2510097D223 /* WCScope.hpp */,
				1F0308761E2AF2510097D223 /* WCScopeStmnt.cpp */,
				1F0308771E2AF2510097D223 /* WCScopeStmnt.hpp */,
				1F0308781E2AF2510097D223 /* WCShiftExpr.cpp */,
				1F0308791E2AF2510097D223 /* WCShiftExpr.hpp */,
				1F03087A1E2AF2510097D223 /* WCStmnt.cpp */,
				1F03087B1E2AF2510097D223 /* WCStmnt.hpp */,
				1F03087C1E2AF2510097D223 /* WCStrLit.cpp */,
				1F03087D1E2AF2510097D223 /* WCStrLit.hpp */,
				1F03087E1E2AF2510097D223 /* WCTernaryExpr.cpp */,
				1F03087F1E2AF2510097D223 /* WCTernaryExpr.hpp */,
				1F0308801E2AF2510097D223 /* WCTimeExpr.cpp */,
				1F0308811E2AF2510097D223 /* WCTimeExpr.hpp */,
				1F0308821E2AF2510097D223 /* WCType.cpp */,
				1F0308831E2AF2510097D223 /* WCType.hpp */,
				1F0308841E2AF2510097D223 /* WCUnaryExpr.cpp */,
				1F0308851E2AF2510097D223 /* WCUnaryExpr.hpp */,
				1F0308861E2AF2510097D223 /* WCVarDecl.cpp */,
				1F0308871E2AF2510097D223 /* WCVarDecl.hpp */,
				1F0308881E2AF2510097D223 /* WCWhileStmnt.cpp */,
				1F0308891E2AF2510097D223 /* WCWhileStmnt.hpp */,
			);
			path = Nodes;
			sourceTree = "<group>";
		};
		1F231DAF1CE1B1EB0085E1C6 /* AST */ = {
			isa = PBXGroup;
			children = (
				1F03082B1E2AF2510097D223 /* Nodes */,
				1F5765591E2F348B003483E3 /* WCASTNodeVisitor.hpp */,
				1F5B59231E2D5FEF00609CDD /* WCParseCtx.cpp */,
				1F0308B71E2AF3DA0097D223 /* WCParseCtx.hpp */,
			);
			path = AST;
			sourceTree = "<group>";
		};
		1F5B592C1E2DF76300609CDD /* Nodes */ = {
			isa = PBXGroup;
			children = (
				1F5B592D1E2DF76300609CDD /* Module.cpp */,
				1F5B592E1E2DF76300609CDD /* Module.hpp */,
			);
			path = Nodes;
			sourceTree = "<group>";
		};
		1F843D191CE9474E0065FB7A /* Lexer */ = {
			isa = PBXGroup;
			children = (
				1F843D1A1CE9474E0065FB7A /* WCLexer.cpp */,
				1F843D1B1CE9474E0065FB7A /* WCLexer.hpp */,
				1F843D1C1CE9474E0065FB7A /* WCToken.hpp */,
				1F843D1E1CE947A80065FB7A /* WCTokenType.hpp */,
			);
			path = Lexer;
			sourceTree = "<group>";
		};
		1FA38ADB1E2C0D6F007BD3B8 /* Codegen */ = {
			isa = PBXGroup;
			children = (
				1FA38ADC1E2C0D6F007BD3B8 /* LLVM */,
			);
			path = Codegen;
			sourceTree = "<group>";
		};
		1FA38ADC1E2C0D6F007BD3B8 /* LLVM */ = {
			isa = PBXGroup;
			children = (
				1F7E6C4F1E2F5F0E00719A99 /* Codegen.cpp */,
				1F7E6C4E1E2F5DA800719A99 /* Codegen.hpp */,
				1F5B59281E2D773000609CDD /* CodegenCtx.cpp */,
				1F5B59291E2D773000609CDD /* CodegenCtx.hpp */,
				1F5B592C1E2DF76300609CDD /* Nodes */,
			);
			path = LLVM;
			sourceTree = "<group>";
		};
		1FCD4DF11D0136360076E358 /* DataType */ = {
			isa = PBXGroup;
			children = (
				1FCD4E011D0160DB0076E358 /* Primitives */,
				1FCD4DF21D0136360076E358 /* WCDataType.cpp */,
				1FCD4DF31D0136360076E358 /* WCDataType.hpp */,
				1FB40C6B1E0B537800D34587 /* WCDataTypeCodegenFuncs.hpp */,
				1F3D5F8A1E020CB000A413B7 /* WCDataTypeId.hpp */,
				1F02E3F11D11115D00E8892C /* WCDataValue.hpp */,
				1FCD4DF51D0157C50076E358 /* WCPrimitiveDataTypes.cpp */,
				1FCD4DF61D0157C50076E358 /* WCPrimitiveDataTypes.hpp */,
			);
			path = DataType;
			sourceTree = "<group>";
		};
		1FCD4E011D0160DB0076E358 /* Primitives */ = {
			isa = PBXGroup;
			children = (
				1F5FB1251D4B119D002C8F15 /* WCArrayDataType.cpp */,
				1F5FB1261D4B119D002C8F15 /* WCArrayDataType.hpp */,
				1FCD4E021D0160DB0076E358 /* WCBoolDataType.cpp */,
				1FCD4E031D0160DB0076E358 /* WCBoolDataType.hpp */,
				1FB40C651E0AFE4000D34587 /* WCGenericIntDataType.cpp */,
				1FB40C661E0AFE4000D34587 /* WCGenericIntDataType.hpp */,
				1FB40C681E0B3E5200D34587 /* WCGenericSignedIntDataType.cpp */,
				1FB40C691E0B3E5200D34587 /* WCGenericSignedIntDataType.hpp */,
				1FCD4E0B1D0161A60076E358 /* WCInt64DataType.cpp */,
				1FCD4E0C1D0161A60076E358 /* WCInt64DataType.hpp */,
				1F54B4B01D02A4DB0016BF70 /* WCStrDataType.cpp */,
				1F54B4B11D02A4DB0016BF70 /* WCStrDataType.hpp */,
				1FCD4E041D0160DB0076E358 /* WCUnknownDataType.cpp */,
				1FCD4E051D0160DB0076E358 /* WCUnknownDataType.hpp */,
				1FCD4E061D0160DB0076E358 /* WCVoidDataType.cpp */,
				1FCD4E071D0160DB0076E358 /* WCVoidDataType.hpp */,
			);
			path = Primitives;
			sourceTree = "<group>";
		};
		1FD455951CE30BC3005EB3C3 /* External */ = {
			isa = PBXGroup;
			children = (
				1F231DAD1CE165AD0085E1C6 /* docs */,
				1F65622B1D08FEF700815D7D /* misc */,
				1FD455941CE30BB1005EB3C3 /* test_data */,
			);
			name = External;
			sourceTree = "<group>";
		};
		1FFD98941CD9B34900398CA6 = {
			isa = PBXGroup;
			children = (
				1FD455951CE30BC3005EB3C3 /* External */,
				1FFD98B61CD9D4C000398CA6 /* Frameworks */,
				1FFD98A71CD9B3AD00398CA6 /* platform.all */,
				1FFD989E1CD9B34900398CA6 /* Products */,
			);
			sourceTree = "<group>";
		};
		1FFD989E1CD9B34900398CA6 /* Products */ = {
			isa = PBXGroup;
			children = (
				1FFD989D1CD9B34900398CA6 /* wolfc */,
			);
			name = Products;
			sourceTree = "<group>";
		};
		1FFD98A71CD9B3AD00398CA6 /* platform.all */ = {
			isa = PBXGroup;
			children = (
				1F231DAF1CE1B1EB0085E1C6 /* AST */,
				1FA38ADB1E2C0D6F007BD3B8 /* Codegen */,
				1FCD4DF11D0136360076E358 /* DataType */,
				1F843D191CE9474E0065FB7A /* Lexer */,
				1FFD98A81CD9B3AD00398CA6 /* main.cpp */,
				1F8BEB301CE5A02700A78DDE /* WCAssert.hpp */,
				1F59D4DE1CE45F1100B095AC /* WCCharUtils.cpp */,
				1FFD48821CDC3DEA0084D66C /* WCCharUtils.hpp */,
				1F843D1F1CE94D9D0065FB7A /* WCCStrComparator.hpp */,
				1F72313B1DD0762D00D9E50D /* WCDebugBreak.cpp */,
				1F72313D1DD076C800D9E50D /* WCDebugBreak.hpp */,
				1FFD48871CDC5C8A0084D66C /* WCFileUtils.cpp */,
				1FFD48881CDC5C8A0084D66C /* WCFileUtils.hpp */,
				1FFD488A1CDC61B00084D66C /* WCFinally.hpp */,
				1F1E99081DDC47B800FFB94C /* WCLazyInit.hpp */,
				1FA292601D000FF600B0F975 /* WCLinearAlloc.cpp */,
				1FA2925F1D000B9C00B0F975 /* WCLinearAlloc.hpp */,
				1F8BEB311CE5A02700A78DDE /* WCLogger.cpp */,
				1F8BEB321CE5A02700A78DDE /* WCLogger.hpp */,
				1FFD98B71CD9D82A00398CA6 /* WCMacros.hpp */,
				1FFD488B1CDC6A7F0084D66C /* WCStringUtils.cpp */,
				1FFD488C1CDC6A7F0084D66C /* WCStringUtils.hpp */,
			);
			name = platform.all;
			path = ../platform.all;
			sourceTree = "<group>";
		};
		1FFD98B61CD9D4C000398CA6 /* Frameworks */ = {
			isa = PBXGroup;
			children = (
				1FFD98B41CD9D49500398CA6 /* libcurses.tbd */,
				1FFD98B21CD9D48A00398CA6 /* libpthread.tbd */,
			);
			name = Frameworks;
			sourceTree = "<group>";
		};
/* End PBXGroup section */

/* Begin PBXNativeTarget section */
		1FFD989C1CD9B34900398CA6 /* wolfc */ = {
			isa = PBXNativeTarget;
			buildConfigurationList = 1FFD98A41CD9B34900398CA6 /* Build configuration list for PBXNativeTarget "wolfc" */;
			buildPhases = (
				1FFD98991CD9B34900398CA6 /* Sources */,
				1FFD989A1CD9B34900398CA6 /* Frameworks */,
				1FFD989B1CD9B34900398CA6 /* CopyFiles */,
			);
			buildRules = (
			);
			dependencies = (
			);
			name = wolfc;
			productName = wolfc;
			productReference = 1FFD989D1CD9B34900398CA6 /* wolfc */;
			productType = "com.apple.product-type.tool";
		};
/* End PBXNativeTarget section */

/* Begin PBXProject section */
		1FFD98951CD9B34900398CA6 /* Project object */ = {
			isa = PBXProject;
			attributes = {
				LastUpgradeCheck = 0810;
				ORGANIZATIONNAME = "Darragh Coy";
				TargetAttributes = {
					1F7D8AFB1DFD6590002FB442 = {
						CreatedOnToolsVersion = 8.1;
						DevelopmentTeam = V7PDFH546M;
						ProvisioningStyle = Automatic;
					};
					1FFD989C1CD9B34900398CA6 = {
						CreatedOnToolsVersion = 7.3;
					};
					1FFD98B81CD9EC0C00398CA6 = {
						CreatedOnToolsVersion = 7.3;
					};
				};
			};
			buildConfigurationList = 1FFD98981CD9B34900398CA6 /* Build configuration list for PBXProject "wolfc" */;
			compatibilityVersion = "Xcode 3.2";
			developmentRegion = English;
			hasScannedForEncodings = 0;
			knownRegions = (
				en,
			);
			mainGroup = 1FFD98941CD9B34900398CA6;
			productRefGroup = 1FFD989E1CD9B34900398CA6 /* Products */;
			projectDirPath = "";
			projectRoot = "";
			targets = (
				1FFD989C1CD9B34900398CA6 /* wolfc */,
				1FFD98B81CD9EC0C00398CA6 /* wolfc-test */,
				1F7D8AFB1DFD6590002FB442 /* wolfc-unit-tests */,
			);
		};
/* End PBXProject section */

/* Begin PBXShellScriptBuildPhase section */
		1F7D8B011DFD6665002FB442 /* ShellScript */ = {
			isa = PBXShellScriptBuildPhase;
			buildActionMask = 2147483647;
			files = (
			);
			inputPaths = (
			);
			outputPaths = (
			);
			runOnlyForDeploymentPostprocessing = 0;
			shellPath = /bin/sh;
			shellScript = "WOLFC_PATH=\"${BUILT_PRODUCTS_DIR}/wolfc\"\nINTERMEDIATE_DIR=\"${DERIVED_FILE_DIR}\"\nOUTPUT_DIR=\"${BUILT_PRODUCTS_DIR}\"\nINPUT_DIR=\"${PROJECT_DIR}/../unit_tests\"\nCOMPILE_AND_RUN_SCRIPT=\"${PROJECT_DIR}/scripts/compile_and_run_wolf_file.sh\"\n\ncd \"${INPUT_DIR}\"\n\nfor wolf_file in *.wolf;\ndo\n    \"${COMPILE_AND_RUN_SCRIPT}\" \"${WOLFC_PATH}\" \"${INTERMEDIATE_DIR}\" \"${OUTPUT_DIR}\" \"${wolf_file}\"\n\n\tif [ $? != 0 ]; then\n    \techo \"Unit test failed for file '${wolf_file}'!\"\n    \texit 1\n\tfi\ndone\n";
		};
		1FFD98BE1CD9EC2C00398CA6 /* ShellScript */ = {
			isa = PBXShellScriptBuildPhase;
			buildActionMask = 2147483647;
			files = (
			);
			inputPaths = (
			);
			outputPaths = (
				"$(DERIVED_FILE_DIR)/wolfc-test",
			);
			runOnlyForDeploymentPostprocessing = 0;
			shellPath = /bin/sh;
			shellScript = "WOLFC_PATH=\"${BUILT_PRODUCTS_DIR}/wolfc\"\nset -e\n\nINTERMEDIATE_DIR=\"${DERIVED_FILE_DIR}\"\nOUTPUT_DIR=\"${BUILT_PRODUCTS_DIR}\"\nINPUT_FILE=\"${PROJECT_DIR}/../test_data/wolfc-test.wolf\"\nCOMPILE_SCRIPT=\"${PROJECT_DIR}/scripts/compile_wolf_file.sh\"\n\n\"${COMPILE_SCRIPT}\" \"${WOLFC_PATH}\" \"${INTERMEDIATE_DIR}\" \"${OUTPUT_DIR}\" \"${INPUT_FILE}\"";
		};
/* End PBXShellScriptBuildPhase section */

/* Begin PBXSourcesBuildPhase section */
		1FFD98991CD9B34900398CA6 /* Sources */ = {
			isa = PBXSourcesBuildPhase;
			buildActionMask = 2147483647;
			files = (
				1F5FB1271D4B119D002C8F15 /* WCArrayDataType.cpp in Sources */,
				1FFD98A91CD9B3AD00398CA6 /* main.cpp in Sources */,
				1F03088D1E2AF2510097D223 /* WCAssertStmnt.cpp in Sources */,
				1F0308A71E2AF2510097D223 /* WCPrimitiveType.cpp in Sources */,
				1F0308991E2AF2510097D223 /* WCFuncCallArgList.cpp in Sources */,
				1F0308B41E2AF2510097D223 /* WCUnaryExpr.cpp in Sources */,
				1FB40C6A1E0B3E5200D34587 /* WCGenericSignedIntDataType.cpp in Sources */,
				1F0308AE1E2AF2510097D223 /* WCShiftExpr.cpp in Sources */,
				1F0308901E2AF2510097D223 /* WCBoolLit.cpp in Sources */,
				1F0308A21E2AF2510097D223 /* WCNextStmnt.cpp in Sources */,
				1FB40C671E0AFE4000D34587 /* WCGenericIntDataType.cpp in Sources */,
				1F0308921E2AF2510097D223 /* WCCastExpr.cpp in Sources */,
				1F0308931E2AF2510097D223 /* WCCmpExpr.cpp in Sources */,
				1F0308B11E2AF2510097D223 /* WCTernaryExpr.cpp in Sources */,
				1F0308911E2AF2510097D223 /* WCBreakStmnt.cpp in Sources */,
				1FFD48891CDC5C8A0084D66C /* WCFileUtils.cpp in Sources */,
				1F03088E1E2AF2510097D223 /* WCAssignExpr.cpp in Sources */,
				1F0308AD1E2AF2510097D223 /* WCScopeStmnt.cpp in Sources */,
				1F0308AF1E2AF2510097D223 /* WCStmnt.cpp in Sources */,
				1FCD4E081D0160DB0076E358 /* WCBoolDataType.cpp in Sources */,
				1F03089A1E2AF2510097D223 /* WCIdentifier.cpp in Sources */,
				1F5B592A1E2D773000609CDD /* CodegenCtx.cpp in Sources */,
				1FFD488D1CDC6A7F0084D66C /* WCStringUtils.cpp in Sources */,
				1FCD4DF41D0136360076E358 /* WCDataType.cpp in Sources */,
				1F0308B51E2AF2510097D223 /* WCVarDecl.cpp in Sources */,
				1F0308B21E2AF2510097D223 /* WCTimeExpr.cpp in Sources */,
				1F843D1D1CE9474E0065FB7A /* WCLexer.cpp in Sources */,
				1F03089E1E2AF2510097D223 /* WCLoopStmnt.cpp in Sources */,
				1F0308A01E2AF2510097D223 /* WCModule.cpp in Sources */,
				1FCD4DF71D0157C50076E358 /* WCPrimitiveDataTypes.cpp in Sources */,
				1F03089C1E2AF2510097D223 /* WCIntLit.cpp in Sources */,
				1F03088F1E2AF2510097D223 /* WCASTNode.cpp in Sources */,
				1F0308951E2AF2510097D223 /* WCFunc.cpp in Sources */,
				1F03088B1E2AF2510097D223 /* WCArrayLit.cpp in Sources */,
				1F0308941E2AF2510097D223 /* WCDeclDef.cpp in Sources */,
				1F59D4DF1CE45F1100B095AC /* WCCharUtils.cpp in Sources */,
				1F03088A1E2AF2510097D223 /* WCAddExpr.cpp in Sources */,
				1FCD4E0A1D0160DB0076E358 /* WCVoidDataType.cpp in Sources */,
				1FCD4E091D0160DB0076E358 /* WCUnknownDataType.cpp in Sources */,
				1F0308A61E2AF2510097D223 /* WCPrimaryExpr.cpp in Sources */,
				1F72313C1DD0762D00D9E50D /* WCDebugBreak.cpp in Sources */,
				1FCD4E0D1D0161A60076E358 /* WCInt64DataType.cpp in Sources */,
				1F0308B61E2AF2510097D223 /* WCWhileStmnt.cpp in Sources */,
				1F03089F1E2AF2510097D223 /* WCLOrExpr.cpp in Sources */,
				1F0308981E2AF2510097D223 /* WCFuncCall.cpp in Sources */,
				1F0308AB1E2AF2510097D223 /* WCReturnStmnt.cpp in Sources */,
				1F0308B31E2AF2510097D223 /* WCType.cpp in Sources */,
				1F0308A51E2AF2510097D223 /* WCPostfixExpr.cpp in Sources */,
				1F0308A31E2AF2510097D223 /* WCNoOpStmnt.cpp in Sources */,
				1F0308971E2AF2510097D223 /* WCFuncArgList.cpp in Sources */,
				1F7E6C501E2F5F0E00719A99 /* Codegen.cpp in Sources */,
				1F54B4B21D02A4DB0016BF70 /* WCStrDataType.cpp in Sources */,
				1F0308A41E2AF2510097D223 /* WCNotExpr.cpp in Sources */,
				1F8BEB331CE5A02700A78DDE /* WCLogger.cpp in Sources */,
				1F03089B1E2AF2510097D223 /* WCIfStmnt.cpp in Sources */,
				1F0308A81E2AF2510097D223 /* WCPrintStmnt.cpp in Sources */,
				1F03088C1E2AF2510097D223 /* WCArrayLitExprs.cpp in Sources */,
				1F0308A11E2AF2510097D223 /* WCMulExpr.cpp in Sources */,
				1F0308961E2AF2510097D223 /* WCFuncArg.cpp in Sources */,
				1F0308A91E2AF2510097D223 /* WCRandExpr.cpp in Sources */,
				1F03089D1E2AF2510097D223 /* WCLAndExpr.cpp in Sources */,
				1FA292611D000FF600B0F975 /* WCLinearAlloc.cpp in Sources */,
				1F5B592F1E2DF76300609CDD /* Module.cpp in Sources */,
				1F0308AC1E2AF2510097D223 /* WCScope.cpp in Sources */,
				1F5B59241E2D5FEF00609CDD /* WCParseCtx.cpp in Sources */,
				1F0308AA1E2AF2510097D223 /* WCReadnumExpr.cpp in Sources */,
				1F0308B01E2AF2510097D223 /* WCStrLit.cpp in Sources */,
			);
			runOnlyForDeploymentPostprocessing = 0;
		};
/* End PBXSourcesBuildPhase section */

/* Begin PBXTargetDependency section */
		1F7D8B001DFD6596002FB442 /* PBXTargetDependency */ = {
			isa = PBXTargetDependency;
			target = 1FFD989C1CD9B34900398CA6 /* wolfc */;
			targetProxy = 1F7D8AFF1DFD6596002FB442 /* PBXContainerItemProxy */;
		};
		1FFD98BD1CD9EC1800398CA6 /* PBXTargetDependency */ = {
			isa = PBXTargetDependency;
			target = 1FFD989C1CD9B34900398CA6 /* wolfc */;
			targetProxy = 1FFD98BC1CD9EC1800398CA6 /* PBXContainerItemProxy */;
		};
/* End PBXTargetDependency section */

/* Begin XCBuildConfiguration section */
		1F7D8AFD1DFD6590002FB442 /* Debug */ = {
			isa = XCBuildConfiguration;
			buildSettings = {
				DEVELOPMENT_TEAM = V7PDFH546M;
				PRODUCT_NAME = "$(TARGET_NAME)";
			};
			name = Debug;
		};
		1F7D8AFE1DFD6590002FB442 /* Release */ = {
			isa = XCBuildConfiguration;
			buildSettings = {
				DEVELOPMENT_TEAM = V7PDFH546M;
				PRODUCT_NAME = "$(TARGET_NAME)";
			};
			name = Release;
		};
		1FFD98A21CD9B34900398CA6 /* Debug */ = {
			isa = XCBuildConfiguration;
			buildSettings = {
				ALWAYS_SEARCH_USER_PATHS = NO;
				CLANG_ANALYZER_NONNULL = YES;
				CLANG_ENABLE_MODULES = YES;
				CLANG_ENABLE_OBJC_ARC = YES;
				CLANG_WARN_ASSIGN_ENUM = YES;
				CLANG_WARN_BOOL_CONVERSION = YES;
				CLANG_WARN_CONSTANT_CONVERSION = YES;
				CLANG_WARN_CXX0X_EXTENSIONS = YES;
				CLANG_WARN_DEPRECATED_OBJC_IMPLEMENTATIONS = YES;
				CLANG_WARN_DIRECT_OBJC_ISA_USAGE = YES_ERROR;
				CLANG_WARN_DOCUMENTATION_COMMENTS = YES;
				CLANG_WARN_EMPTY_BODY = YES;
				CLANG_WARN_ENUM_CONVERSION = YES;
				CLANG_WARN_IMPLICIT_SIGN_CONVERSION = YES;
				CLANG_WARN_INFINITE_RECURSION = YES;
				CLANG_WARN_INT_CONVERSION = YES;
				CLANG_WARN_NULLABLE_TO_NONNULL_CONVERSION = YES;
				CLANG_WARN_OBJC_IMPLICIT_ATOMIC_PROPERTIES = YES;
				CLANG_WARN_OBJC_MISSING_PROPERTY_SYNTHESIS = YES;
				CLANG_WARN_OBJC_ROOT_CLASS = YES_ERROR;
				CLANG_WARN_SUSPICIOUS_IMPLICIT_CONVERSION = YES;
				CLANG_WARN_SUSPICIOUS_MOVE = YES;
				CLANG_WARN_UNREACHABLE_CODE = YES;
				CLANG_WARN__DUPLICATE_METHOD_MATCH = YES;
				CLANG_WARN__EXIT_TIME_DESTRUCTORS = NO;
				CODE_SIGN_IDENTITY = "-";
				COPY_PHASE_STRIP = NO;
				DEBUG_INFORMATION_FORMAT = dwarf;
				ENABLE_STRICT_OBJC_MSGSEND = YES;
				ENABLE_TESTABILITY = YES;
				GCC_DYNAMIC_NO_PIC = NO;
				GCC_NO_COMMON_BLOCKS = YES;
				GCC_OPTIMIZATION_LEVEL = 0;
				GCC_TREAT_IMPLICIT_FUNCTION_DECLARATIONS_AS_ERRORS = YES;
				GCC_TREAT_INCOMPATIBLE_POINTER_TYPE_WARNINGS_AS_ERRORS = YES;
				GCC_WARN_64_TO_32_BIT_CONVERSION = YES;
				GCC_WARN_ABOUT_MISSING_FIELD_INITIALIZERS = YES;
				GCC_WARN_ABOUT_MISSING_NEWLINE = YES;
				GCC_WARN_ABOUT_MISSING_PROTOTYPES = YES;
				GCC_WARN_ABOUT_RETURN_TYPE = YES_ERROR;
				GCC_WARN_FOUR_CHARACTER_CONSTANTS = YES;
				GCC_WARN_HIDDEN_VIRTUAL_FUNCTIONS = YES;
				GCC_WARN_INITIALIZER_NOT_FULLY_BRACKETED = YES;
				GCC_WARN_NON_VIRTUAL_DESTRUCTOR = YES;
				GCC_WARN_SHADOW = YES;
				GCC_WARN_SIGN_COMPARE = YES;
				GCC_WARN_STRICT_SELECTOR_MATCH = YES;
				GCC_WARN_UNDECLARED_SELECTOR = YES;
				GCC_WARN_UNINITIALIZED_AUTOS = YES_AGGRESSIVE;
				GCC_WARN_UNKNOWN_PRAGMAS = YES;
				GCC_WARN_UNUSED_FUNCTION = YES;
				GCC_WARN_UNUSED_LABEL = YES;
				GCC_WARN_UNUSED_PARAMETER = YES;
				GCC_WARN_UNUSED_VARIABLE = YES;
				MACOSX_DEPLOYMENT_TARGET = 10.11;
				MTL_ENABLE_DEBUG_INFO = YES;
				ONLY_ACTIVE_ARCH = YES;
			};
			name = Debug;
		};
		1FFD98A31CD9B34900398CA6 /* Release */ = {
			isa = XCBuildConfiguration;
			buildSettings = {
				ALWAYS_SEARCH_USER_PATHS = NO;
				CLANG_ANALYZER_NONNULL = YES;
				CLANG_ENABLE_MODULES = YES;
				CLANG_ENABLE_OBJC_ARC = YES;
				CLANG_WARN_ASSIGN_ENUM = YES;
				CLANG_WARN_BOOL_CONVERSION = YES;
				CLANG_WARN_CONSTANT_CONVERSION = YES;
				CLANG_WARN_CXX0X_EXTENSIONS = YES;
				CLANG_WARN_DEPRECATED_OBJC_IMPLEMENTATIONS = YES;
				CLANG_WARN_DIRECT_OBJC_ISA_USAGE = YES_ERROR;
				CLANG_WARN_DOCUMENTATION_COMMENTS = YES;
				CLANG_WARN_EMPTY_BODY = YES;
				CLANG_WARN_ENUM_CONVERSION = YES;
				CLANG_WARN_IMPLICIT_SIGN_CONVERSION = YES;
				CLANG_WARN_INFINITE_RECURSION = YES;
				CLANG_WARN_INT_CONVERSION = YES;
				CLANG_WARN_NULLABLE_TO_NONNULL_CONVERSION = YES;
				CLANG_WARN_OBJC_IMPLICIT_ATOMIC_PROPERTIES = YES;
				CLANG_WARN_OBJC_MISSING_PROPERTY_SYNTHESIS = YES;
				CLANG_WARN_OBJC_ROOT_CLASS = YES_ERROR;
				CLANG_WARN_SUSPICIOUS_IMPLICIT_CONVERSION = YES;
				CLANG_WARN_SUSPICIOUS_MOVE = YES;
				CLANG_WARN_UNREACHABLE_CODE = YES;
				CLANG_WARN__DUPLICATE_METHOD_MATCH = YES;
				CLANG_WARN__EXIT_TIME_DESTRUCTORS = NO;
				CODE_SIGN_IDENTITY = "-";
				COPY_PHASE_STRIP = NO;
				DEBUG_INFORMATION_FORMAT = "dwarf-with-dsym";
				ENABLE_NS_ASSERTIONS = NO;
				ENABLE_STRICT_OBJC_MSGSEND = YES;
				GCC_NO_COMMON_BLOCKS = YES;
				GCC_TREAT_IMPLICIT_FUNCTION_DECLARATIONS_AS_ERRORS = YES;
				GCC_TREAT_INCOMPATIBLE_POINTER_TYPE_WARNINGS_AS_ERRORS = YES;
				GCC_WARN_64_TO_32_BIT_CONVERSION = YES;
				GCC_WARN_ABOUT_MISSING_FIELD_INITIALIZERS = YES;
				GCC_WARN_ABOUT_MISSING_NEWLINE = YES;
				GCC_WARN_ABOUT_MISSING_PROTOTYPES = YES;
				GCC_WARN_ABOUT_RETURN_TYPE = YES_ERROR;
				GCC_WARN_FOUR_CHARACTER_CONSTANTS = YES;
				GCC_WARN_HIDDEN_VIRTUAL_FUNCTIONS = YES;
				GCC_WARN_INITIALIZER_NOT_FULLY_BRACKETED = YES;
				GCC_WARN_NON_VIRTUAL_DESTRUCTOR = YES;
				GCC_WARN_SHADOW = YES;
				GCC_WARN_SIGN_COMPARE = YES;
				GCC_WARN_STRICT_SELECTOR_MATCH = YES;
				GCC_WARN_UNDECLARED_SELECTOR = YES;
				GCC_WARN_UNINITIALIZED_AUTOS = YES_AGGRESSIVE;
				GCC_WARN_UNKNOWN_PRAGMAS = YES;
				GCC_WARN_UNUSED_FUNCTION = YES;
				GCC_WARN_UNUSED_LABEL = YES;
				GCC_WARN_UNUSED_PARAMETER = YES;
				GCC_WARN_UNUSED_VARIABLE = YES;
				MACOSX_DEPLOYMENT_TARGET = 10.11;
				MTL_ENABLE_DEBUG_INFO = NO;
			};
			name = Release;
		};
		1FFD98A51CD9B34900398CA6 /* Debug */ = {
			isa = XCBuildConfiguration;
			buildSettings = {
				CLANG_CXX_LANGUAGE_STANDARD = "c++14";
				CLANG_CXX_LIBRARY = "libc++";
				GCC_C_LANGUAGE_STANDARD = c11;
				GCC_PREPROCESSOR_DEFINITIONS = (
					"DEBUG=1",
					__STDC_CONSTANT_MACROS,
					__STDC_LIMIT_MACROS,
				);
				HEADER_SEARCH_PATHS = (
					/usr/local/include,
					../platform.all,
				);
				LIBRARY_SEARCH_PATHS = /usr/local/lib;
				OTHER_LDFLAGS = (
					"-lLLVMCore",
					"-lLLVMSupport",
				);
				PRODUCT_NAME = "$(TARGET_NAME)";
				SDKROOT = macosx;
			};
			name = Debug;
		};
		1FFD98A61CD9B34900398CA6 /* Release */ = {
			isa = XCBuildConfiguration;
			buildSettings = {
				CLANG_CXX_LANGUAGE_STANDARD = "c++14";
				CLANG_CXX_LIBRARY = "libc++";
				GCC_C_LANGUAGE_STANDARD = c11;
				GCC_PREPROCESSOR_DEFINITIONS = (
					NDEBUG,
					__STDC_CONSTANT_MACROS,
					__STDC_LIMIT_MACROS,
				);
				HEADER_SEARCH_PATHS = (
					/usr/local/include,
					../platform.all,
				);
				LIBRARY_SEARCH_PATHS = /usr/local/lib;
				OTHER_LDFLAGS = (
					"-lLLVMCore",
					"-lLLVMSupport",
				);
				PRODUCT_NAME = "$(TARGET_NAME)";
				SDKROOT = macosx;
			};
			name = Release;
		};
		1FFD98BA1CD9EC0C00398CA6 /* Debug */ = {
			isa = XCBuildConfiguration;
			buildSettings = {
				PRODUCT_NAME = "$(TARGET_NAME)";
			};
			name = Debug;
		};
		1FFD98BB1CD9EC0C00398CA6 /* Release */ = {
			isa = XCBuildConfiguration;
			buildSettings = {
				PRODUCT_NAME = "$(TARGET_NAME)";
			};
			name = Release;
		};
/* End XCBuildConfiguration section */

/* Begin XCConfigurationList section */
		1F7D8AFC1DFD6590002FB442 /* Build configuration list for PBXAggregateTarget "wolfc-unit-tests" */ = {
			isa = XCConfigurationList;
			buildConfigurations = (
				1F7D8AFD1DFD6590002FB442 /* Debug */,
				1F7D8AFE1DFD6590002FB442 /* Release */,
			);
			defaultConfigurationIsVisible = 0;
			defaultConfigurationName = Release;
		};
		1FFD98981CD9B34900398CA6 /* Build configuration list for PBXProject "wolfc" */ = {
			isa = XCConfigurationList;
			buildConfigurations = (
				1FFD98A21CD9B34900398CA6 /* Debug */,
				1FFD98A31CD9B34900398CA6 /* Release */,
			);
			defaultConfigurationIsVisible = 0;
			defaultConfigurationName = Release;
		};
		1FFD98A41CD9B34900398CA6 /* Build configuration list for PBXNativeTarget "wolfc" */ = {
			isa = XCConfigurationList;
			buildConfigurations = (
				1FFD98A51CD9B34900398CA6 /* Debug */,
				1FFD98A61CD9B34900398CA6 /* Release */,
			);
			defaultConfigurationIsVisible = 0;
			defaultConfigurationName = Release;
		};
		1FFD98B91CD9EC0C00398CA6 /* Build configuration list for PBXAggregateTarget "wolfc-test" */ = {
			isa = XCConfigurationList;
			buildConfigurations = (
				1FFD98BA1CD9EC0C00398CA6 /* Debug */,
				1FFD98BB1CD9EC0C00398CA6 /* Release */,
			);
			defaultConfigurationIsVisible = 0;
			defaultConfigurationName = Release;
		};
/* End XCConfigurationList section */
	};
	rootObject = 1FFD98951CD9B34900398CA6 /* Project object */;
}
