// !$*UTF8*$!
{
	archiveVersion = 1;
	classes = {
	};
	objectVersion = 46;
	objects = {

/* Begin PBXBuildFile section */
		1FFD98A91CD9B3AD00398CA6 /* main.cpp in Sources */ = {isa = PBXBuildFile; fileRef = 1FFD98A81CD9B3AD00398CA6 /* main.cpp */; };
		1FFD98B31CD9D48A00398CA6 /* libpthread.tbd in Frameworks */ = {isa = PBXBuildFile; fileRef = 1FFD98B21CD9D48A00398CA6 /* libpthread.tbd */; };
		1FFD98B51CD9D49500398CA6 /* libcurses.tbd in Frameworks */ = {isa = PBXBuildFile; fileRef = 1FFD98B41CD9D49500398CA6 /* libcurses.tbd */; };
/* End PBXBuildFile section */

/* Begin PBXCopyFilesBuildPhase section */
		1FFD989B1CD9B34900398CA6 /* CopyFiles */ = {
			isa = PBXCopyFilesBuildPhase;
			buildActionMask = 2147483647;
			dstPath = /usr/share/man/man1/;
			dstSubfolderSpec = 0;
			files = (
			);
			runOnlyForDeploymentPostprocessing = 1;
		};
/* End PBXCopyFilesBuildPhase section */

/* Begin PBXFileReference section */
		1FFD989D1CD9B34900398CA6 /* wolfc */ = {isa = PBXFileReference; explicitFileType = "compiled.mach-o.executable"; includeInIndex = 0; path = wolfc; sourceTree = BUILT_PRODUCTS_DIR; };
		1FFD98A81CD9B3AD00398CA6 /* main.cpp */ = {isa = PBXFileReference; fileEncoding = 4; lastKnownFileType = sourcecode.cpp.cpp; path = main.cpp; sourceTree = "<group>"; };
		1FFD98B21CD9D48A00398CA6 /* libpthread.tbd */ = {isa = PBXFileReference; lastKnownFileType = "sourcecode.text-based-dylib-definition"; name = libpthread.tbd; path = usr/lib/libpthread.tbd; sourceTree = SDKROOT; };
		1FFD98B41CD9D49500398CA6 /* libcurses.tbd */ = {isa = PBXFileReference; lastKnownFileType = "sourcecode.text-based-dylib-definition"; name = libcurses.tbd; path = usr/lib/libcurses.tbd; sourceTree = SDKROOT; };
		1FFD98B71CD9D82A00398CA6 /* WCMacros.h */ = {isa = PBXFileReference; lastKnownFileType = sourcecode.c.h; path = WCMacros.h; sourceTree = "<group>"; };
/* End PBXFileReference section */

/* Begin PBXFrameworksBuildPhase section */
		1FFD989A1CD9B34900398CA6 /* Frameworks */ = {
			isa = PBXFrameworksBuildPhase;
			buildActionMask = 2147483647;
			files = (
				1FFD98B51CD9D49500398CA6 /* libcurses.tbd in Frameworks */,
				1FFD98B31CD9D48A00398CA6 /* libpthread.tbd in Frameworks */,
			);
			runOnlyForDeploymentPostprocessing = 0;
		};
/* End PBXFrameworksBuildPhase section */

/* Begin PBXGroup section */
		1FFD98941CD9B34900398CA6 = {
			isa = PBXGroup;
			children = (
				1FFD98B61CD9D4C000398CA6 /* Frameworks */,
				1FFD98A71CD9B3AD00398CA6 /* platform.all */,
				1FFD989E1CD9B34900398CA6 /* Products */,
			);
			sourceTree = "<group>";
		};
		1FFD989E1CD9B34900398CA6 /* Products */ = {
			isa = PBXGroup;
			children = (
				1FFD989D1CD9B34900398CA6 /* wolfc */,
			);
			name = Products;
			sourceTree = "<group>";
		};
		1FFD98A71CD9B3AD00398CA6 /* platform.all */ = {
			isa = PBXGroup;
			children = (
				1FFD98A81CD9B3AD00398CA6 /* main.cpp */,
				1FFD98B71CD9D82A00398CA6 /* WCMacros.h */,
			);
			name = platform.all;
			path = ../platform.all;
			sourceTree = "<group>";
		};
		1FFD98B61CD9D4C000398CA6 /* Frameworks */ = {
			isa = PBXGroup;
			children = (
				1FFD98B41CD9D49500398CA6 /* libcurses.tbd */,
				1FFD98B21CD9D48A00398CA6 /* libpthread.tbd */,
			);
			name = Frameworks;
			sourceTree = "<group>";
		};
/* End PBXGroup section */

/* Begin PBXNativeTarget section */
		1FFD989C1CD9B34900398CA6 /* wolfc */ = {
			isa = PBXNativeTarget;
			buildConfigurationList = 1FFD98A41CD9B34900398CA6 /* Build configuration list for PBXNativeTarget "wolfc" */;
			buildPhases = (
				1FFD98991CD9B34900398CA6 /* Sources */,
				1FFD989A1CD9B34900398CA6 /* Frameworks */,
				1FFD989B1CD9B34900398CA6 /* CopyFiles */,
			);
			buildRules = (
			);
			dependencies = (
			);
			name = wolfc;
			productName = wolfc;
			productReference = 1FFD989D1CD9B34900398CA6 /* wolfc */;
			productType = "com.apple.product-type.tool";
		};
/* End PBXNativeTarget section */

/* Begin PBXProject section */
		1FFD98951CD9B34900398CA6 /* Project object */ = {
			isa = PBXProject;
			attributes = {
				LastUpgradeCheck = 0730;
				ORGANIZATIONNAME = "Darragh Coy";
				TargetAttributes = {
					1FFD989C1CD9B34900398CA6 = {
						CreatedOnToolsVersion = 7.3;
					};
				};
			};
			buildConfigurationList = 1FFD98981CD9B34900398CA6 /* Build configuration list for PBXProject "wolfc" */;
			compatibilityVersion = "Xcode 3.2";
			developmentRegion = English;
			hasScannedForEncodings = 0;
			knownRegions = (
				en,
			);
			mainGroup = 1FFD98941CD9B34900398CA6;
			productRefGroup = 1FFD989E1CD9B34900398CA6 /* Products */;
			projectDirPath = "";
			projectRoot = "";
			targets = (
				1FFD989C1CD9B34900398CA6 /* wolfc */,
			);
		};
/* End PBXProject section */

/* Begin PBXSourcesBuildPhase section */
		1FFD98991CD9B34900398CA6 /* Sources */ = {
			isa = PBXSourcesBuildPhase;
			buildActionMask = 2147483647;
			files = (
				1FFD98A91CD9B3AD00398CA6 /* main.cpp in Sources */,
			);
			runOnlyForDeploymentPostprocessing = 0;
		};
/* End PBXSourcesBuildPhase section */

/* Begin XCBuildConfiguration section */
		1FFD98A21CD9B34900398CA6 /* Debug */ = {
			isa = XCBuildConfiguration;
			buildSettings = {
				ALWAYS_SEARCH_USER_PATHS = NO;
				CLANG_ANALYZER_NONNULL = YES;
				CLANG_CXX_LANGUAGE_STANDARD = "c++14";
				CLANG_CXX_LIBRARY = "libc++";
				CLANG_ENABLE_MODULES = YES;
				CLANG_ENABLE_OBJC_ARC = YES;
				CLANG_WARN_BOOL_CONVERSION = YES;
				CLANG_WARN_CONSTANT_CONVERSION = YES;
				CLANG_WARN_DIRECT_OBJC_ISA_USAGE = YES_ERROR;
				CLANG_WARN_EMPTY_BODY = YES;
				CLANG_WARN_ENUM_CONVERSION = YES;
				CLANG_WARN_INT_CONVERSION = YES;
				CLANG_WARN_OBJC_ROOT_CLASS = YES_ERROR;
				CLANG_WARN_UNREACHABLE_CODE = YES;
				CLANG_WARN__DUPLICATE_METHOD_MATCH = YES;
				CODE_SIGN_IDENTITY = "-";
				COPY_PHASE_STRIP = NO;
				DEBUG_INFORMATION_FORMAT = dwarf;
				ENABLE_STRICT_OBJC_MSGSEND = YES;
				ENABLE_TESTABILITY = YES;
				GCC_C_LANGUAGE_STANDARD = c11;
				GCC_DYNAMIC_NO_PIC = NO;
				GCC_NO_COMMON_BLOCKS = YES;
				GCC_OPTIMIZATION_LEVEL = 0;
				GCC_WARN_64_TO_32_BIT_CONVERSION = YES;
				GCC_WARN_ABOUT_RETURN_TYPE = YES_ERROR;
				GCC_WARN_UNDECLARED_SELECTOR = YES;
				GCC_WARN_UNINITIALIZED_AUTOS = YES_AGGRESSIVE;
				GCC_WARN_UNUSED_FUNCTION = YES;
				GCC_WARN_UNUSED_VARIABLE = YES;
				MACOSX_DEPLOYMENT_TARGET = 10.11;
				MTL_ENABLE_DEBUG_INFO = YES;
				ONLY_ACTIVE_ARCH = YES;
				SDKROOT = macosx;
			};
			name = Debug;
		};
		1FFD98A31CD9B34900398CA6 /* Release */ = {
			isa = XCBuildConfiguration;
			buildSettings = {
				ALWAYS_SEARCH_USER_PATHS = NO;
				CLANG_ANALYZER_NONNULL = YES;
				CLANG_CXX_LANGUAGE_STANDARD = "c++14";
				CLANG_CXX_LIBRARY = "libc++";
				CLANG_ENABLE_MODULES = YES;
				CLANG_ENABLE_OBJC_ARC = YES;
				CLANG_WARN_BOOL_CONVERSION = YES;
				CLANG_WARN_CONSTANT_CONVERSION = YES;
				CLANG_WARN_DIRECT_OBJC_ISA_USAGE = YES_ERROR;
				CLANG_WARN_EMPTY_BODY = YES;
				CLANG_WARN_ENUM_CONVERSION = YES;
				CLANG_WARN_INT_CONVERSION = YES;
				CLANG_WARN_OBJC_ROOT_CLASS = YES_ERROR;
				CLANG_WARN_UNREACHABLE_CODE = YES;
				CLANG_WARN__DUPLICATE_METHOD_MATCH = YES;
				CODE_SIGN_IDENTITY = "-";
				COPY_PHASE_STRIP = NO;
				DEBUG_INFORMATION_FORMAT = "dwarf-with-dsym";
				ENABLE_NS_ASSERTIONS = NO;
				ENABLE_STRICT_OBJC_MSGSEND = YES;
				GCC_C_LANGUAGE_STANDARD = c11;
				GCC_NO_COMMON_BLOCKS = YES;
				GCC_WARN_64_TO_32_BIT_CONVERSION = YES;
				GCC_WARN_ABOUT_RETURN_TYPE = YES_ERROR;
				GCC_WARN_UNDECLARED_SELECTOR = YES;
				GCC_WARN_UNINITIALIZED_AUTOS = YES_AGGRESSIVE;
				GCC_WARN_UNUSED_FUNCTION = YES;
				GCC_WARN_UNUSED_VARIABLE = YES;
				MACOSX_DEPLOYMENT_TARGET = 10.11;
				MTL_ENABLE_DEBUG_INFO = NO;
				SDKROOT = macosx;
			};
			name = Release;
		};
		1FFD98A51CD9B34900398CA6 /* Debug */ = {
			isa = XCBuildConfiguration;
			buildSettings = {
				GCC_PREPROCESSOR_DEFINITIONS = (
					"DEBUG=1",
					__STDC_CONSTANT_MACROS,
					__STDC_LIMIT_MACROS,
				);
				HEADER_SEARCH_PATHS = /usr/local/include;
				LIBRARY_SEARCH_PATHS = /usr/local/lib;
				OTHER_LDFLAGS = (
					"-lLLVMCore",
					"-lLLVMSupport",
				);
				PRODUCT_NAME = "$(TARGET_NAME)";
			};
			name = Debug;
		};
		1FFD98A61CD9B34900398CA6 /* Release */ = {
			isa = XCBuildConfiguration;
			buildSettings = {
				GCC_PREPROCESSOR_DEFINITIONS = (
					NDEBUG,
					__STDC_CONSTANT_MACROS,
					__STDC_LIMIT_MACROS,
				);
				HEADER_SEARCH_PATHS = /usr/local/include;
				LIBRARY_SEARCH_PATHS = /usr/local/lib;
				OTHER_LDFLAGS = (
					"-lLLVMCore",
					"-lLLVMSupport",
				);
				PRODUCT_NAME = "$(TARGET_NAME)";
			};
			name = Release;
		};
/* End XCBuildConfiguration section */

/* Begin XCConfigurationList section */
		1FFD98981CD9B34900398CA6 /* Build configuration list for PBXProject "wolfc" */ = {
			isa = XCConfigurationList;
			buildConfigurations = (
				1FFD98A21CD9B34900398CA6 /* Debug */,
				1FFD98A31CD9B34900398CA6 /* Release */,
			);
			defaultConfigurationIsVisible = 0;
			defaultConfigurationName = Release;
		};
		1FFD98A41CD9B34900398CA6 /* Build configuration list for PBXNativeTarget "wolfc" */ = {
			isa = XCConfigurationList;
			buildConfigurations = (
				1FFD98A51CD9B34900398CA6 /* Debug */,
				1FFD98A61CD9B34900398CA6 /* Release */,
			);
			defaultConfigurationIsVisible = 0;
			defaultConfigurationName = Release;
		};
/* End XCConfigurationList section */
	};
	rootObject = 1FFD98951CD9B34900398CA6 /* Project object */;
}
